
Microsoft Visual Studio Solution File, Format Version 12.00
# Visual Studio Version 17
VisualStudioVersion = 17.1.32414.318
MinimumVisualStudioVersion = 10.0.40219.1
Project("{FAE04EC0-301F-11D3-BF4B-00C04F79EFBC}") = "NoteForYou", "NoteForYou\NoteForYou.csproj", "{810E15DE-68B3-4E7F-B4E4-F02B8407680E}"
EndProject
Project("{FAE04EC0-301F-11D3-BF4B-00C04F79EFBC}") = "NoteForYou.Model", "NoteForYou.Model\NoteForYou.Model.csproj", "{10D164F0-A35A-46DA-8DE5-AA5F541058C0}"
EndProject
Project("{FAE04EC0-301F-11D3-BF4B-00C04F79EFBC}") = "NoteForYou.Style", "NoteForYou.Style\NoteForYou.Style.csproj", "{09835D0C-FAD6-4242-9FEA-90527A8F4502}"
EndProject
Project("{FAE04EC0-301F-11D3-BF4B-00C04F79EFBC}") = "Uwp.Core", "Uwp.Core\Uwp.Core\Uwp.Core.csproj", "{69691DC6-85D8-452E-A6CB-73E2E74A7B84}"
EndProject
Project("{FAE04EC0-301F-11D3-BF4B-00C04F79EFBC}") = "DummyConsole", "DummyConsole\DummyConsole.csproj", "{A0C07813-C9B9-46F5-908C-C453BDE72724}"
EndProject
Global
	GlobalSection(SolutionConfigurationPlatforms) = preSolution
		Debug|Any CPU = Debug|Any CPU
		Debug|ARM = Debug|ARM
		Debug|ARM64 = Debug|ARM64
		Debug|x64 = Debug|x64
		Debug|x86 = Debug|x86
		Release|Any CPU = Release|Any CPU
		Release|ARM = Release|ARM
		Release|ARM64 = Release|ARM64
		Release|x64 = Release|x64
		Release|x86 = Release|x86
	EndGlobalSection
	GlobalSection(ProjectConfigurationPlatforms) = postSolution
		{810E15DE-68B3-4E7F-B4E4-F02B8407680E}.Debug|Any CPU.ActiveCfg = Debug|x64
		{810E15DE-68B3-4E7F-B4E4-F02B8407680E}.Debug|Any CPU.Build.0 = Debug|x64
		{810E15DE-68B3-4E7F-B4E4-F02B8407680E}.Debug|Any CPU.Deploy.0 = Debug|x64
		{810E15DE-68B3-4E7F-B4E4-F02B8407680E}.Debug|ARM.ActiveCfg = Debug|ARM
		{810E15DE-68B3-4E7F-B4E4-F02B8407680E}.Debug|ARM.Build.0 = Debug|ARM
		{810E15DE-68B3-4E7F-B4E4-F02B8407680E}.Debug|ARM.Deploy.0 = Debug|ARM
		{810E15DE-68B3-4E7F-B4E4-F02B8407680E}.Debug|ARM64.ActiveCfg = Debug|ARM64
		{810E15DE-68B3-4E7F-B4E4-F02B8407680E}.Debug|ARM64.Build.0 = Debug|ARM64
		{810E15DE-68B3-4E7F-B4E4-F02B8407680E}.Debug|ARM64.Deploy.0 = Debug|ARM64
		{810E15DE-68B3-4E7F-B4E4-F02B8407680E}.Debug|x64.ActiveCfg = Debug|x64
		{810E15DE-68B3-4E7F-B4E4-F02B8407680E}.Debug|x64.Build.0 = Debug|x64
		{810E15DE-68B3-4E7F-B4E4-F02B8407680E}.Debug|x64.Deploy.0 = Debug|x64
		{810E15DE-68B3-4E7F-B4E4-F02B8407680E}.Debug|x86.ActiveCfg = Debug|x86
		{810E15DE-68B3-4E7F-B4E4-F02B8407680E}.Debug|x86.Build.0 = Debug|x86
		{810E15DE-68B3-4E7F-B4E4-F02B8407680E}.Debug|x86.Deploy.0 = Debug|x86
		{810E15DE-68B3-4E7F-B4E4-F02B8407680E}.Release|Any CPU.ActiveCfg = Release|x64
		{810E15DE-68B3-4E7F-B4E4-F02B8407680E}.Release|Any CPU.Build.0 = Release|x64
		{810E15DE-68B3-4E7F-B4E4-F02B8407680E}.Release|Any CPU.Deploy.0 = Release|x64
		{810E15DE-68B3-4E7F-B4E4-F02B8407680E}.Release|ARM.ActiveCfg = Release|ARM
		{810E15DE-68B3-4E7F-B4E4-F02B8407680E}.Release|ARM.Build.0 = Release|ARM
		{810E15DE-68B3-4E7F-B4E4-F02B8407680E}.Release|ARM.Deploy.0 = Release|ARM
		{810E15DE-68B3-4E7F-B4E4-F02B8407680E}.Release|ARM64.ActiveCfg = Release|ARM64
		{810E15DE-68B3-4E7F-B4E4-F02B8407680E}.Release|ARM64.Build.0 = Release|ARM64
		{810E15DE-68B3-4E7F-B4E4-F02B8407680E}.Release|ARM64.Deploy.0 = Release|ARM64
		{810E15DE-68B3-4E7F-B4E4-F02B8407680E}.Release|x64.ActiveCfg = Release|x64
		{810E15DE-68B3-4E7F-B4E4-F02B8407680E}.Release|x64.Build.0 = Release|x64
		{810E15DE-68B3-4E7F-B4E4-F02B8407680E}.Release|x64.Deploy.0 = Release|x64
		{810E15DE-68B3-4E7F-B4E4-F02B8407680E}.Release|x86.ActiveCfg = Release|x86
		{810E15DE-68B3-4E7F-B4E4-F02B8407680E}.Release|x86.Build.0 = Release|x86
		{810E15DE-68B3-4E7F-B4E4-F02B8407680E}.Release|x86.Deploy.0 = Release|x86
		{10D164F0-A35A-46DA-8DE5-AA5F541058C0}.Debug|Any CPU.ActiveCfg = Debug|Any CPU
		{10D164F0-A35A-46DA-8DE5-AA5F541058C0}.Debug|Any CPU.Build.0 = Debug|Any CPU
		{10D164F0-A35A-46DA-8DE5-AA5F541058C0}.Debug|ARM.ActiveCfg = Debug|Any CPU
		{10D164F0-A35A-46DA-8DE5-AA5F541058C0}.Debug|ARM.Build.0 = Debug|Any CPU
		{10D164F0-A35A-46DA-8DE5-AA5F541058C0}.Debug|ARM64.ActiveCfg = Debug|Any CPU
		{10D164F0-A35A-46DA-8DE5-AA5F541058C0}.Debug|ARM64.Build.0 = Debug|Any CPU
		{10D164F0-A35A-46DA-8DE5-AA5F541058C0}.Debug|x64.ActiveCfg = Debug|Any CPU
		{10D164F0-A35A-46DA-8DE5-AA5F541058C0}.Debug|x64.Build.0 = Debug|Any CPU
		{10D164F0-A35A-46DA-8DE5-AA5F541058C0}.Debug|x86.ActiveCfg = Debug|Any CPU
		{10D164F0-A35A-46DA-8DE5-AA5F541058C0}.Debug|x86.Build.0 = Debug|Any CPU
		{10D164F0-A35A-46DA-8DE5-AA5F541058C0}.Release|Any CPU.ActiveCfg = Release|Any CPU
		{10D164F0-A35A-46DA-8DE5-AA5F541058C0}.Release|Any CPU.Build.0 = Release|Any CPU
		{10D164F0-A35A-46DA-8DE5-AA5F541058C0}.Release|ARM.ActiveCfg = Release|Any CPU
		{10D164F0-A35A-46DA-8DE5-AA5F541058C0}.Release|ARM.Build.0 = Release|Any CPU
		{10D164F0-A35A-46DA-8DE5-AA5F541058C0}.Release|ARM64.ActiveCfg = Release|Any CPU
		{10D164F0-A35A-46DA-8DE5-AA5F541058C0}.Release|ARM64.Build.0 = Release|Any CPU
		{10D164F0-A35A-46DA-8DE5-AA5F541058C0}.Release|x64.ActiveCfg = Release|Any CPU
		{10D164F0-A35A-46DA-8DE5-AA5F541058C0}.Release|x64.Build.0 = Release|Any CPU
		{10D164F0-A35A-46DA-8DE5-AA5F541058C0}.Release|x86.ActiveCfg = Release|Any CPU
		{10D164F0-A35A-46DA-8DE5-AA5F541058C0}.Release|x86.Build.0 = Release|Any CPU
		{09835D0C-FAD6-4242-9FEA-90527A8F4502}.Debug|Any CPU.ActiveCfg = Debug|Any CPU
		{09835D0C-FAD6-4242-9FEA-90527A8F4502}.Debug|Any CPU.Build.0 = Debug|Any CPU
		{09835D0C-FAD6-4242-9FEA-90527A8F4502}.Debug|ARM.ActiveCfg = Debug|ARM
		{09835D0C-FAD6-4242-9FEA-90527A8F4502}.Debug|ARM.Build.0 = Debug|ARM
		{09835D0C-FAD6-4242-9FEA-90527A8F4502}.Debug|ARM64.ActiveCfg = Debug|ARM64
		{09835D0C-FAD6-4242-9FEA-90527A8F4502}.Debug|ARM64.Build.0 = Debug|ARM64
		{09835D0C-FAD6-4242-9FEA-90527A8F4502}.Debug|x64.ActiveCfg = Debug|x64
		{09835D0C-FAD6-4242-9FEA-90527A8F4502}.Debug|x64.Build.0 = Debug|x64
		{09835D0C-FAD6-4242-9FEA-90527A8F4502}.Debug|x86.ActiveCfg = Debug|x86
		{09835D0C-FAD6-4242-9FEA-90527A8F4502}.Debug|x86.Build.0 = Debug|x86
		{09835D0C-FAD6-4242-9FEA-90527A8F4502}.Release|Any CPU.ActiveCfg = Release|Any CPU
		{09835D0C-FAD6-4242-9FEA-90527A8F4502}.Release|Any CPU.Build.0 = Release|Any CPU
		{09835D0C-FAD6-4242-9FEA-90527A8F4502}.Release|ARM.ActiveCfg = Release|ARM
		{09835D0C-FAD6-4242-9FEA-90527A8F4502}.Release|ARM.Build.0 = Release|ARM
		{09835D0C-FAD6-4242-9FEA-90527A8F4502}.Release|ARM64.ActiveCfg = Release|ARM64
		{09835D0C-FAD6-4242-9FEA-90527A8F4502}.Release|ARM64.Build.0 = Release|ARM64
		{09835D0C-FAD6-4242-9FEA-90527A8F4502}.Release|x64.ActiveCfg = Release|x64
		{09835D0C-FAD6-4242-9FEA-90527A8F4502}.Release|x64.Build.0 = Release|x64
		{09835D0C-FAD6-4242-9FEA-90527A8F4502}.Release|x86.ActiveCfg = Release|x86
		{09835D0C-FAD6-4242-9FEA-90527A8F4502}.Release|x86.Build.0 = Release|x86
		{69691DC6-85D8-452E-A6CB-73E2E74A7B84}.Debug|Any CPU.ActiveCfg = Debug|Any CPU
		{69691DC6-85D8-452E-A6CB-73E2E74A7B84}.Debug|Any CPU.Build.0 = Debug|Any CPU
		{69691DC6-85D8-452E-A6CB-73E2E74A7B84}.Debug|ARM.ActiveCfg = Debug|ARM
		{69691DC6-85D8-452E-A6CB-73E2E74A7B84}.Debug|ARM.Build.0 = Debug|ARM
		{69691DC6-85D8-452E-A6CB-73E2E74A7B84}.Debug|ARM64.ActiveCfg = Debug|ARM64
		{69691DC6-85D8-452E-A6CB-73E2E74A7B84}.Debug|ARM64.Build.0 = Debug|ARM64
		{69691DC6-85D8-452E-A6CB-73E2E74A7B84}.Debug|x64.ActiveCfg = Debug|x64
		{69691DC6-85D8-452E-A6CB-73E2E74A7B84}.Debug|x64.Build.0 = Debug|x64
		{69691DC6-85D8-452E-A6CB-73E2E74A7B84}.Debug|x86.ActiveCfg = Debug|x86
		{69691DC6-85D8-452E-A6CB-73E2E74A7B84}.Debug|x86.Build.0 = Debug|x86
		{69691DC6-85D8-452E-A6CB-73E2E74A7B84}.Release|Any CPU.ActiveCfg = Release|Any CPU
		{69691DC6-85D8-452E-A6CB-73E2E74A7B84}.Release|Any CPU.Build.0 = Release|Any CPU
		{69691DC6-85D8-452E-A6CB-73E2E74A7B84}.Release|ARM.ActiveCfg = Release|ARM
		{69691DC6-85D8-452E-A6CB-73E2E74A7B84}.Release|ARM.Build.0 = Release|ARM
		{69691DC6-85D8-452E-A6CB-73E2E74A7B84}.Release|ARM64.ActiveCfg = Release|ARM64
		{69691DC6-85D8-452E-A6CB-73E2E74A7B84}.Release|ARM64.Build.0 = Release|ARM64
		{69691DC6-85D8-452E-A6CB-73E2E74A7B84}.Release|x64.ActiveCfg = Release|x64
		{69691DC6-85D8-452E-A6CB-73E2E74A7B84}.Release|x64.Build.0 = Release|x64
		{69691DC6-85D8-452E-A6CB-73E2E74A7B84}.Release|x86.ActiveCfg = Release|x86
		{69691DC6-85D8-452E-A6CB-73E2E74A7B84}.Release|x86.Build.0 = Release|x86
		{A0C07813-C9B9-46F5-908C-C453BDE72724}.Debug|Any CPU.ActiveCfg = Debug|Any CPU
		{A0C07813-C9B9-46F5-908C-C453BDE72724}.Debug|Any CPU.Build.0 = Debug|Any CPU
		{A0C07813-C9B9-46F5-908C-C453BDE72724}.Debug|ARM.ActiveCfg = Debug|Any CPU
		{A0C07813-C9B9-46F5-908C-C453BDE72724}.Debug|ARM.Build.0 = Debug|Any CPU
		{A0C07813-C9B9-46F5-908C-C453BDE72724}.Debug|ARM64.ActiveCfg = Debug|Any CPU
		{A0C07813-C9B9-46F5-908C-C453BDE72724}.Debug|ARM64.Build.0 = Debug|Any CPU
		{A0C07813-C9B9-46F5-908C-C453BDE72724}.Debug|x64.ActiveCfg = Debug|Any CPU
		{A0C07813-C9B9-46F5-908C-C453BDE72724}.Debug|x64.Build.0 = Debug|Any CPU
		{A0C07813-C9B9-46F5-908C-C453BDE72724}.Debug|x86.ActiveCfg = Debug|Any CPU
		{A0C07813-C9B9-46F5-908C-C453BDE72724}.Release|Any CPU.ActiveCfg = Release|Any CPU
		{A0C07813-C9B9-46F5-908C-C453BDE72724}.Release|Any CPU.Build.0 = Release|Any CPU
		{A0C07813-C9B9-46F5-908C-C453BDE72724}.Release|ARM.ActiveCfg = Release|Any CPU
		{A0C07813-C9B9-46F5-908C-C453BDE72724}.Release|ARM.Build.0 = Release|Any CPU
		{A0C07813-C9B9-46F5-908C-C453BDE72724}.Release|ARM64.ActiveCfg = Release|Any CPU
		{A0C07813-C9B9-46F5-908C-C453BDE72724}.Release|ARM64.Build.0 = Release|Any CPU
		{A0C07813-C9B9-46F5-908C-C453BDE72724}.Release|x64.ActiveCfg = Release|Any CPU
		{A0C07813-C9B9-46F5-908C-C453BDE72724}.Release|x64.Build.0 = Release|Any CPU
		{A0C07813-C9B9-46F5-908C-C453BDE72724}.Release|x86.ActiveCfg = Release|Any CPU
		{A0C07813-C9B9-46F5-908C-C453BDE72724}.Release|x86.Build.0 = Release|Any CPU
	EndGlobalSection
	GlobalSection(SolutionProperties) = preSolution
		HideSolutionNode = FALSE
	EndGlobalSection
	GlobalSection(ExtensibilityGlobals) = postSolution
		SolutionGuid = {4C15E31D-FA06-45FA-82ED-98CD7A12133B}
	EndGlobalSection
EndGlobal
