
Microsoft Visual Studio Solution File, Format Version 12.00
# Visual Studio Version 17
VisualStudioVersion = 17.2.32602.215
MinimumVisualStudioVersion = 10.0.40219.1
Project("{FAE04EC0-301F-11D3-BF4B-00C04F79EFBC}") = "FocusTask", "FocusTask\FocusTask.csproj", "{7347A7B4-9BFC-4703-9951-8B7355A68CD0}"
EndProject
Project("{9A19103F-16F7-4668-BE54-9A1E7A4F7556}") = "Uwp.Console.Extension", "Uwp.Console.Extension\Uwp.Console.Extension.csproj", "{873366A6-4B02-4147-8952-3F9AE031F39D}"
EndProject
Project("{FAE04EC0-301F-11D3-BF4B-00C04F79EFBC}") = "Uwp.Core", "Uwp.Core\Uwp.Core\Uwp.Core.csproj", "{69691DC6-85D8-452E-A6CB-73E2E74A7B84}"
EndProject
Project("{FAE04EC0-301F-11D3-BF4B-00C04F79EFBC}") = "Uwp.Messenger", "Uwp.Messenger\Uwp.Messenger.csproj", "{0BE456E2-22F5-4310-9929-930370D7D6DE}"
EndProject
Project("{9A19103F-16F7-4668-BE54-9A1E7A4F7556}") = "Uwp.SQLite.Model", "Uwp.SQLite.Model\Uwp.SQLite.Model.csproj", "{9C68A81D-07A5-4F3E-9263-8061F13E3B07}"
EndProject
Project("{FAE04EC0-301F-11D3-BF4B-00C04F79EFBC}") = "Uwp.Style", "Uwp.Style\Uwp.Style.csproj", "{47076ECA-BEF8-4268-A08F-A1D47150E9E5}"
EndProject
Global
	GlobalSection(SolutionConfigurationPlatforms) = preSolution
		Debug|Any CPU = Debug|Any CPU
		Debug|ARM = Debug|ARM
		Debug|ARM64 = Debug|ARM64
		Debug|x64 = Debug|x64
		Debug|x86 = Debug|x86
		Release|Any CPU = Release|Any CPU
		Release|ARM = Release|ARM
		Release|ARM64 = Release|ARM64
		Release|x64 = Release|x64
		Release|x86 = Release|x86
	EndGlobalSection
	GlobalSection(ProjectConfigurationPlatforms) = postSolution
		{7347A7B4-9BFC-4703-9951-8B7355A68CD0}.Debug|Any CPU.ActiveCfg = Debug|x64
		{7347A7B4-9BFC-4703-9951-8B7355A68CD0}.Debug|Any CPU.Build.0 = Debug|x64
		{7347A7B4-9BFC-4703-9951-8B7355A68CD0}.Debug|Any CPU.Deploy.0 = Debug|x64
		{7347A7B4-9BFC-4703-9951-8B7355A68CD0}.Debug|ARM.ActiveCfg = Debug|ARM
		{7347A7B4-9BFC-4703-9951-8B7355A68CD0}.Debug|ARM.Build.0 = Debug|ARM
		{7347A7B4-9BFC-4703-9951-8B7355A68CD0}.Debug|ARM.Deploy.0 = Debug|ARM
		{7347A7B4-9BFC-4703-9951-8B7355A68CD0}.Debug|ARM64.ActiveCfg = Debug|ARM64
		{7347A7B4-9BFC-4703-9951-8B7355A68CD0}.Debug|ARM64.Build.0 = Debug|ARM64
		{7347A7B4-9BFC-4703-9951-8B7355A68CD0}.Debug|ARM64.Deploy.0 = Debug|ARM64
		{7347A7B4-9BFC-4703-9951-8B7355A68CD0}.Debug|x64.ActiveCfg = Debug|x64
		{7347A7B4-9BFC-4703-9951-8B7355A68CD0}.Debug|x64.Build.0 = Debug|x64
		{7347A7B4-9BFC-4703-9951-8B7355A68CD0}.Debug|x64.Deploy.0 = Debug|x64
		{7347A7B4-9BFC-4703-9951-8B7355A68CD0}.Debug|x86.ActiveCfg = Debug|x86
		{7347A7B4-9BFC-4703-9951-8B7355A68CD0}.Debug|x86.Build.0 = Debug|x86
		{7347A7B4-9BFC-4703-9951-8B7355A68CD0}.Debug|x86.Deploy.0 = Debug|x86
		{7347A7B4-9BFC-4703-9951-8B7355A68CD0}.Release|Any CPU.ActiveCfg = Release|x64
		{7347A7B4-9BFC-4703-9951-8B7355A68CD0}.Release|Any CPU.Build.0 = Release|x64
		{7347A7B4-9BFC-4703-9951-8B7355A68CD0}.Release|Any CPU.Deploy.0 = Release|x64
		{7347A7B4-9BFC-4703-9951-8B7355A68CD0}.Release|ARM.ActiveCfg = Release|ARM
		{7347A7B4-9BFC-4703-9951-8B7355A68CD0}.Release|ARM.Build.0 = Release|ARM
		{7347A7B4-9BFC-4703-9951-8B7355A68CD0}.Release|ARM.Deploy.0 = Release|ARM
		{7347A7B4-9BFC-4703-9951-8B7355A68CD0}.Release|ARM64.ActiveCfg = Release|ARM64
		{7347A7B4-9BFC-4703-9951-8B7355A68CD0}.Release|ARM64.Build.0 = Release|ARM64
		{7347A7B4-9BFC-4703-9951-8B7355A68CD0}.Release|ARM64.Deploy.0 = Release|ARM64
		{7347A7B4-9BFC-4703-9951-8B7355A68CD0}.Release|x64.ActiveCfg = Release|x64
		{7347A7B4-9BFC-4703-9951-8B7355A68CD0}.Release|x64.Build.0 = Release|x64
		{7347A7B4-9BFC-4703-9951-8B7355A68CD0}.Release|x64.Deploy.0 = Release|x64
		{7347A7B4-9BFC-4703-9951-8B7355A68CD0}.Release|x86.ActiveCfg = Release|x86
		{7347A7B4-9BFC-4703-9951-8B7355A68CD0}.Release|x86.Build.0 = Release|x86
		{7347A7B4-9BFC-4703-9951-8B7355A68CD0}.Release|x86.Deploy.0 = Release|x86
		{873366A6-4B02-4147-8952-3F9AE031F39D}.Debug|Any CPU.ActiveCfg = Debug|Any CPU
		{873366A6-4B02-4147-8952-3F9AE031F39D}.Debug|Any CPU.Build.0 = Debug|Any CPU
		{873366A6-4B02-4147-8952-3F9AE031F39D}.Debug|ARM.ActiveCfg = Debug|Any CPU
		{873366A6-4B02-4147-8952-3F9AE031F39D}.Debug|ARM.Build.0 = Debug|Any CPU
		{873366A6-4B02-4147-8952-3F9AE031F39D}.Debug|ARM64.ActiveCfg = Debug|Any CPU
		{873366A6-4B02-4147-8952-3F9AE031F39D}.Debug|ARM64.Build.0 = Debug|Any CPU
		{873366A6-4B02-4147-8952-3F9AE031F39D}.Debug|x64.ActiveCfg = Debug|Any CPU
		{873366A6-4B02-4147-8952-3F9AE031F39D}.Debug|x64.Build.0 = Debug|Any CPU
		{873366A6-4B02-4147-8952-3F9AE031F39D}.Debug|x86.ActiveCfg = Debug|Any CPU
		{873366A6-4B02-4147-8952-3F9AE031F39D}.Debug|x86.Build.0 = Debug|Any CPU
		{873366A6-4B02-4147-8952-3F9AE031F39D}.Release|Any CPU.ActiveCfg = Release|Any CPU
		{873366A6-4B02-4147-8952-3F9AE031F39D}.Release|Any CPU.Build.0 = Release|Any CPU
		{873366A6-4B02-4147-8952-3F9AE031F39D}.Release|ARM.ActiveCfg = Release|Any CPU
		{873366A6-4B02-4147-8952-3F9AE031F39D}.Release|ARM.Build.0 = Release|Any CPU
		{873366A6-4B02-4147-8952-3F9AE031F39D}.Release|ARM64.ActiveCfg = Release|Any CPU
		{873366A6-4B02-4147-8952-3F9AE031F39D}.Release|ARM64.Build.0 = Release|Any CPU
		{873366A6-4B02-4147-8952-3F9AE031F39D}.Release|x64.ActiveCfg = Release|Any CPU
		{873366A6-4B02-4147-8952-3F9AE031F39D}.Release|x64.Build.0 = Release|Any CPU
		{873366A6-4B02-4147-8952-3F9AE031F39D}.Release|x86.ActiveCfg = Release|Any CPU
		{873366A6-4B02-4147-8952-3F9AE031F39D}.Release|x86.Build.0 = Release|Any CPU
		{69691DC6-85D8-452E-A6CB-73E2E74A7B84}.Debug|Any CPU.ActiveCfg = Debug|Any CPU
		{69691DC6-85D8-452E-A6CB-73E2E74A7B84}.Debug|Any CPU.Build.0 = Debug|Any CPU
		{69691DC6-85D8-452E-A6CB-73E2E74A7B84}.Debug|ARM.ActiveCfg = Debug|ARM
		{69691DC6-85D8-452E-A6CB-73E2E74A7B84}.Debug|ARM.Build.0 = Debug|ARM
		{69691DC6-85D8-452E-A6CB-73E2E74A7B84}.Debug|ARM64.ActiveCfg = Debug|ARM64
		{69691DC6-85D8-452E-A6CB-73E2E74A7B84}.Debug|ARM64.Build.0 = Debug|ARM64
		{69691DC6-85D8-452E-A6CB-73E2E74A7B84}.Debug|x64.ActiveCfg = Debug|x64
		{69691DC6-85D8-452E-A6CB-73E2E74A7B84}.Debug|x64.Build.0 = Debug|x64
		{69691DC6-85D8-452E-A6CB-73E2E74A7B84}.Debug|x86.ActiveCfg = Debug|x86
		{69691DC6-85D8-452E-A6CB-73E2E74A7B84}.Debug|x86.Build.0 = Debug|x86
		{69691DC6-85D8-452E-A6CB-73E2E74A7B84}.Release|Any CPU.ActiveCfg = Release|Any CPU
		{69691DC6-85D8-452E-A6CB-73E2E74A7B84}.Release|Any CPU.Build.0 = Release|Any CPU
		{69691DC6-85D8-452E-A6CB-73E2E74A7B84}.Release|ARM.ActiveCfg = Release|ARM
		{69691DC6-85D8-452E-A6CB-73E2E74A7B84}.Release|ARM.Build.0 = Release|ARM
		{69691DC6-85D8-452E-A6CB-73E2E74A7B84}.Release|ARM64.ActiveCfg = Release|ARM64
		{69691DC6-85D8-452E-A6CB-73E2E74A7B84}.Release|ARM64.Build.0 = Release|ARM64
		{69691DC6-85D8-452E-A6CB-73E2E74A7B84}.Release|x64.ActiveCfg = Release|x64
		{69691DC6-85D8-452E-A6CB-73E2E74A7B84}.Release|x64.Build.0 = Release|x64
		{69691DC6-85D8-452E-A6CB-73E2E74A7B84}.Release|x86.ActiveCfg = Release|x86
		{69691DC6-85D8-452E-A6CB-73E2E74A7B84}.Release|x86.Build.0 = Release|x86
		{0BE456E2-22F5-4310-9929-930370D7D6DE}.Debug|Any CPU.ActiveCfg = Debug|Any CPU
		{0BE456E2-22F5-4310-9929-930370D7D6DE}.Debug|Any CPU.Build.0 = Debug|Any CPU
		{0BE456E2-22F5-4310-9929-930370D7D6DE}.Debug|ARM.ActiveCfg = Debug|ARM
		{0BE456E2-22F5-4310-9929-930370D7D6DE}.Debug|ARM.Build.0 = Debug|ARM
		{0BE456E2-22F5-4310-9929-930370D7D6DE}.Debug|ARM64.ActiveCfg = Debug|ARM64
		{0BE456E2-22F5-4310-9929-930370D7D6DE}.Debug|ARM64.Build.0 = Debug|ARM64
		{0BE456E2-22F5-4310-9929-930370D7D6DE}.Debug|x64.ActiveCfg = Debug|x64
		{0BE456E2-22F5-4310-9929-930370D7D6DE}.Debug|x64.Build.0 = Debug|x64
		{0BE456E2-22F5-4310-9929-930370D7D6DE}.Debug|x86.ActiveCfg = Debug|x86
		{0BE456E2-22F5-4310-9929-930370D7D6DE}.Debug|x86.Build.0 = Debug|x86
		{0BE456E2-22F5-4310-9929-930370D7D6DE}.Release|Any CPU.ActiveCfg = Release|Any CPU
		{0BE456E2-22F5-4310-9929-930370D7D6DE}.Release|Any CPU.Build.0 = Release|Any CPU
		{0BE456E2-22F5-4310-9929-930370D7D6DE}.Release|ARM.ActiveCfg = Release|ARM
		{0BE456E2-22F5-4310-9929-930370D7D6DE}.Release|ARM.Build.0 = Release|ARM
		{0BE456E2-22F5-4310-9929-930370D7D6DE}.Release|ARM64.ActiveCfg = Release|ARM64
		{0BE456E2-22F5-4310-9929-930370D7D6DE}.Release|ARM64.Build.0 = Release|ARM64
		{0BE456E2-22F5-4310-9929-930370D7D6DE}.Release|x64.ActiveCfg = Release|x64
		{0BE456E2-22F5-4310-9929-930370D7D6DE}.Release|x64.Build.0 = Release|x64
		{0BE456E2-22F5-4310-9929-930370D7D6DE}.Release|x86.ActiveCfg = Release|x86
		{0BE456E2-22F5-4310-9929-930370D7D6DE}.Release|x86.Build.0 = Release|x86
		{9C68A81D-07A5-4F3E-9263-8061F13E3B07}.Debug|Any CPU.ActiveCfg = Debug|Any CPU
		{9C68A81D-07A5-4F3E-9263-8061F13E3B07}.Debug|Any CPU.Build.0 = Debug|Any CPU
		{9C68A81D-07A5-4F3E-9263-8061F13E3B07}.Debug|ARM.ActiveCfg = Debug|Any CPU
		{9C68A81D-07A5-4F3E-9263-8061F13E3B07}.Debug|ARM.Build.0 = Debug|Any CPU
		{9C68A81D-07A5-4F3E-9263-8061F13E3B07}.Debug|ARM64.ActiveCfg = Debug|Any CPU
		{9C68A81D-07A5-4F3E-9263-8061F13E3B07}.Debug|ARM64.Build.0 = Debug|Any CPU
		{9C68A81D-07A5-4F3E-9263-8061F13E3B07}.Debug|x64.ActiveCfg = Debug|Any CPU
		{9C68A81D-07A5-4F3E-9263-8061F13E3B07}.Debug|x64.Build.0 = Debug|Any CPU
		{9C68A81D-07A5-4F3E-9263-8061F13E3B07}.Debug|x86.ActiveCfg = Debug|Any CPU
		{9C68A81D-07A5-4F3E-9263-8061F13E3B07}.Debug|x86.Build.0 = Debug|Any CPU
		{9C68A81D-07A5-4F3E-9263-8061F13E3B07}.Release|Any CPU.ActiveCfg = Release|Any CPU
		{9C68A81D-07A5-4F3E-9263-8061F13E3B07}.Release|Any CPU.Build.0 = Release|Any CPU
		{9C68A81D-07A5-4F3E-9263-8061F13E3B07}.Release|ARM.ActiveCfg = Release|Any CPU
		{9C68A81D-07A5-4F3E-9263-8061F13E3B07}.Release|ARM.Build.0 = Release|Any CPU
		{9C68A81D-07A5-4F3E-9263-8061F13E3B07}.Release|ARM64.ActiveCfg = Release|Any CPU
		{9C68A81D-07A5-4F3E-9263-8061F13E3B07}.Release|ARM64.Build.0 = Release|Any CPU
		{9C68A81D-07A5-4F3E-9263-8061F13E3B07}.Release|x64.ActiveCfg = Release|Any CPU
		{9C68A81D-07A5-4F3E-9263-8061F13E3B07}.Release|x64.Build.0 = Release|Any CPU
		{9C68A81D-07A5-4F3E-9263-8061F13E3B07}.Release|x86.ActiveCfg = Release|Any CPU
		{9C68A81D-07A5-4F3E-9263-8061F13E3B07}.Release|x86.Build.0 = Release|Any CPU
		{47076ECA-BEF8-4268-A08F-A1D47150E9E5}.Debug|Any CPU.ActiveCfg = Debug|Any CPU
		{47076ECA-BEF8-4268-A08F-A1D47150E9E5}.Debug|Any CPU.Build.0 = Debug|Any CPU
		{47076ECA-BEF8-4268-A08F-A1D47150E9E5}.Debug|ARM.ActiveCfg = Debug|ARM
		{47076ECA-BEF8-4268-A08F-A1D47150E9E5}.Debug|ARM.Build.0 = Debug|ARM
		{47076ECA-BEF8-4268-A08F-A1D47150E9E5}.Debug|ARM64.ActiveCfg = Debug|ARM64
		{47076ECA-BEF8-4268-A08F-A1D47150E9E5}.Debug|ARM64.Build.0 = Debug|ARM64
		{47076ECA-BEF8-4268-A08F-A1D47150E9E5}.Debug|x64.ActiveCfg = Debug|x64
		{47076ECA-BEF8-4268-A08F-A1D47150E9E5}.Debug|x64.Build.0 = Debug|x64
		{47076ECA-BEF8-4268-A08F-A1D47150E9E5}.Debug|x86.ActiveCfg = Debug|x86
		{47076ECA-BEF8-4268-A08F-A1D47150E9E5}.Debug|x86.Build.0 = Debug|x86
		{47076ECA-BEF8-4268-A08F-A1D47150E9E5}.Release|Any CPU.ActiveCfg = Release|Any CPU
		{47076ECA-BEF8-4268-A08F-A1D47150E9E5}.Release|Any CPU.Build.0 = Release|Any CPU
		{47076ECA-BEF8-4268-A08F-A1D47150E9E5}.Release|ARM.ActiveCfg = Release|ARM
		{47076ECA-BEF8-4268-A08F-A1D47150E9E5}.Release|ARM.Build.0 = Release|ARM
		{47076ECA-BEF8-4268-A08F-A1D47150E9E5}.Release|ARM64.ActiveCfg = Release|ARM64
		{47076ECA-BEF8-4268-A08F-A1D47150E9E5}.Release|ARM64.Build.0 = Release|ARM64
		{47076ECA-BEF8-4268-A08F-A1D47150E9E5}.Release|x64.ActiveCfg = Release|x64
		{47076ECA-BEF8-4268-A08F-A1D47150E9E5}.Release|x64.Build.0 = Release|x64
		{47076ECA-BEF8-4268-A08F-A1D47150E9E5}.Release|x86.ActiveCfg = Release|x86
		{47076ECA-BEF8-4268-A08F-A1D47150E9E5}.Release|x86.Build.0 = Release|x86
	EndGlobalSection
	GlobalSection(SolutionProperties) = preSolution
		HideSolutionNode = FALSE
	EndGlobalSection
	GlobalSection(ExtensibilityGlobals) = postSolution
		SolutionGuid = {82985B4E-F462-4FAF-96F2-8BDF2229405E}
	EndGlobalSection
EndGlobal
