
Microsoft Visual Studio Solution File, Format Version 12.00
# Visual Studio Version 17
VisualStudioVersion = 17.1.32414.318
MinimumVisualStudioVersion = 10.0.40219.1
Project("{FAE04EC0-301F-11D3-BF4B-00C04F79EFBC}") = "Uwp.Console.Extension", "Uwp.Console.Extension.csproj", "{90ACE54B-C407-4F30-AAC5-18C439AD77FD}"
EndProject
Global
	GlobalSection(SolutionConfigurationPlatforms) = preSolution
		Debug|Any CPU = Debug|Any CPU
		Release|Any CPU = Release|Any CPU
	EndGlobalSection
	GlobalSection(ProjectConfigurationPlatforms) = postSolution
		{90ACE54B-C407-4F30-AAC5-18C439AD77FD}.Debug|Any CPU.ActiveCfg = Debug|Any CPU
		{90ACE54B-C407-4F30-AAC5-18C439AD77FD}.Debug|Any CPU.Build.0 = Debug|Any CPU
		{90ACE54B-C407-4F30-AAC5-18C439AD77FD}.Release|Any CPU.ActiveCfg = Release|Any CPU
		{90ACE54B-C407-4F30-AAC5-18C439AD77FD}.Release|Any CPU.Build.0 = Release|Any CPU
	EndGlobalSection
	GlobalSection(SolutionProperties) = preSolution
		HideSolutionNode = FALSE
	EndGlobalSection
	GlobalSection(ExtensibilityGlobals) = postSolution
		SolutionGuid = {881ECA35-A84D-4B30-B445-28CDCD8F67F5}
	EndGlobalSection
EndGlobal
