
Microsoft Visual Studio Solution File, Format Version 12.00
# Visual Studio Version 17
VisualStudioVersion = 17.2.32526.322
MinimumVisualStudioVersion = 10.0.40219.1
Project("{FAE04EC0-301F-11D3-BF4B-00C04F79EFBC}") = "FlashCard1", "FlashCard1\FlashCard1.csproj", "{CB1CB227-67F3-49A5-AD71-4C7B4BB7EF45}"
EndProject
Project("{9A19103F-16F7-4668-BE54-9A1E7A4F7556}") = "Uwp.Model", "Uwp.HCore\Uwp.Model\Uwp.Model.csproj", "{50471F9E-A09C-4EE7-8D83-38C7C6ED8492}"
EndProject
Project("{FAE04EC0-301F-11D3-BF4B-00C04F79EFBC}") = "Uwp.HCore", "Uwp.HCore\Uwp.HCore\Uwp.HCore.csproj", "{A04F5738-7B55-4465-BEE9-477F5F00E4FA}"
EndProject
Project("{9A19103F-16F7-4668-BE54-9A1E7A4F7556}") = "Uwp.DummyConsole", "Uwp.HCore\Uwp.DummyConsole\Uwp.DummyConsole.csproj", "{2C67D2BC-E0DB-42FE-A644-32F661C382E1}"
EndProject
Global
	GlobalSection(SolutionConfigurationPlatforms) = preSolution
		Debug|Any CPU = Debug|Any CPU
		Debug|ARM = Debug|ARM
		Debug|ARM64 = Debug|ARM64
		Debug|x64 = Debug|x64
		Debug|x86 = Debug|x86
		Release|Any CPU = Release|Any CPU
		Release|ARM = Release|ARM
		Release|ARM64 = Release|ARM64
		Release|x64 = Release|x64
		Release|x86 = Release|x86
	EndGlobalSection
	GlobalSection(ProjectConfigurationPlatforms) = postSolution
		{CB1CB227-67F3-49A5-AD71-4C7B4BB7EF45}.Debug|Any CPU.ActiveCfg = Debug|x64
		{CB1CB227-67F3-49A5-AD71-4C7B4BB7EF45}.Debug|Any CPU.Build.0 = Debug|x64
		{CB1CB227-67F3-49A5-AD71-4C7B4BB7EF45}.Debug|Any CPU.Deploy.0 = Debug|x64
		{CB1CB227-67F3-49A5-AD71-4C7B4BB7EF45}.Debug|ARM.ActiveCfg = Debug|ARM
		{CB1CB227-67F3-49A5-AD71-4C7B4BB7EF45}.Debug|ARM.Build.0 = Debug|ARM
		{CB1CB227-67F3-49A5-AD71-4C7B4BB7EF45}.Debug|ARM.Deploy.0 = Debug|ARM
		{CB1CB227-67F3-49A5-AD71-4C7B4BB7EF45}.Debug|ARM64.ActiveCfg = Debug|ARM64
		{CB1CB227-67F3-49A5-AD71-4C7B4BB7EF45}.Debug|ARM64.Build.0 = Debug|ARM64
		{CB1CB227-67F3-49A5-AD71-4C7B4BB7EF45}.Debug|ARM64.Deploy.0 = Debug|ARM64
		{CB1CB227-67F3-49A5-AD71-4C7B4BB7EF45}.Debug|x64.ActiveCfg = Debug|x64
		{CB1CB227-67F3-49A5-AD71-4C7B4BB7EF45}.Debug|x64.Build.0 = Debug|x64
		{CB1CB227-67F3-49A5-AD71-4C7B4BB7EF45}.Debug|x64.Deploy.0 = Debug|x64
		{CB1CB227-67F3-49A5-AD71-4C7B4BB7EF45}.Debug|x86.ActiveCfg = Debug|x86
		{CB1CB227-67F3-49A5-AD71-4C7B4BB7EF45}.Debug|x86.Build.0 = Debug|x86
		{CB1CB227-67F3-49A5-AD71-4C7B4BB7EF45}.Debug|x86.Deploy.0 = Debug|x86
		{CB1CB227-67F3-49A5-AD71-4C7B4BB7EF45}.Release|Any CPU.ActiveCfg = Release|x64
		{CB1CB227-67F3-49A5-AD71-4C7B4BB7EF45}.Release|Any CPU.Build.0 = Release|x64
		{CB1CB227-67F3-49A5-AD71-4C7B4BB7EF45}.Release|Any CPU.Deploy.0 = Release|x64
		{CB1CB227-67F3-49A5-AD71-4C7B4BB7EF45}.Release|ARM.ActiveCfg = Release|ARM
		{CB1CB227-67F3-49A5-AD71-4C7B4BB7EF45}.Release|ARM.Build.0 = Release|ARM
		{CB1CB227-67F3-49A5-AD71-4C7B4BB7EF45}.Release|ARM.Deploy.0 = Release|ARM
		{CB1CB227-67F3-49A5-AD71-4C7B4BB7EF45}.Release|ARM64.ActiveCfg = Release|ARM64
		{CB1CB227-67F3-49A5-AD71-4C7B4BB7EF45}.Release|ARM64.Build.0 = Release|ARM64
		{CB1CB227-67F3-49A5-AD71-4C7B4BB7EF45}.Release|ARM64.Deploy.0 = Release|ARM64
		{CB1CB227-67F3-49A5-AD71-4C7B4BB7EF45}.Release|x64.ActiveCfg = Release|x64
		{CB1CB227-67F3-49A5-AD71-4C7B4BB7EF45}.Release|x64.Build.0 = Release|x64
		{CB1CB227-67F3-49A5-AD71-4C7B4BB7EF45}.Release|x64.Deploy.0 = Release|x64
		{CB1CB227-67F3-49A5-AD71-4C7B4BB7EF45}.Release|x86.ActiveCfg = Release|x86
		{CB1CB227-67F3-49A5-AD71-4C7B4BB7EF45}.Release|x86.Build.0 = Release|x86
		{CB1CB227-67F3-49A5-AD71-4C7B4BB7EF45}.Release|x86.Deploy.0 = Release|x86
		{50471F9E-A09C-4EE7-8D83-38C7C6ED8492}.Debug|Any CPU.ActiveCfg = Debug|Any CPU
		{50471F9E-A09C-4EE7-8D83-38C7C6ED8492}.Debug|Any CPU.Build.0 = Debug|Any CPU
		{50471F9E-A09C-4EE7-8D83-38C7C6ED8492}.Debug|ARM.ActiveCfg = Debug|Any CPU
		{50471F9E-A09C-4EE7-8D83-38C7C6ED8492}.Debug|ARM.Build.0 = Debug|Any CPU
		{50471F9E-A09C-4EE7-8D83-38C7C6ED8492}.Debug|ARM64.ActiveCfg = Debug|Any CPU
		{50471F9E-A09C-4EE7-8D83-38C7C6ED8492}.Debug|ARM64.Build.0 = Debug|Any CPU
		{50471F9E-A09C-4EE7-8D83-38C7C6ED8492}.Debug|x64.ActiveCfg = Debug|Any CPU
		{50471F9E-A09C-4EE7-8D83-38C7C6ED8492}.Debug|x64.Build.0 = Debug|Any CPU
		{50471F9E-A09C-4EE7-8D83-38C7C6ED8492}.Debug|x86.ActiveCfg = Debug|Any CPU
		{50471F9E-A09C-4EE7-8D83-38C7C6ED8492}.Debug|x86.Build.0 = Debug|Any CPU
		{50471F9E-A09C-4EE7-8D83-38C7C6ED8492}.Release|Any CPU.ActiveCfg = Release|Any CPU
		{50471F9E-A09C-4EE7-8D83-38C7C6ED8492}.Release|Any CPU.Build.0 = Release|Any CPU
		{50471F9E-A09C-4EE7-8D83-38C7C6ED8492}.Release|ARM.ActiveCfg = Release|Any CPU
		{50471F9E-A09C-4EE7-8D83-38C7C6ED8492}.Release|ARM.Build.0 = Release|Any CPU
		{50471F9E-A09C-4EE7-8D83-38C7C6ED8492}.Release|ARM64.ActiveCfg = Release|Any CPU
		{50471F9E-A09C-4EE7-8D83-38C7C6ED8492}.Release|ARM64.Build.0 = Release|Any CPU
		{50471F9E-A09C-4EE7-8D83-38C7C6ED8492}.Release|x64.ActiveCfg = Release|Any CPU
		{50471F9E-A09C-4EE7-8D83-38C7C6ED8492}.Release|x64.Build.0 = Release|Any CPU
		{50471F9E-A09C-4EE7-8D83-38C7C6ED8492}.Release|x86.ActiveCfg = Release|Any CPU
		{50471F9E-A09C-4EE7-8D83-38C7C6ED8492}.Release|x86.Build.0 = Release|Any CPU
		{A04F5738-7B55-4465-BEE9-477F5F00E4FA}.Debug|Any CPU.ActiveCfg = Debug|Any CPU
		{A04F5738-7B55-4465-BEE9-477F5F00E4FA}.Debug|Any CPU.Build.0 = Debug|Any CPU
		{A04F5738-7B55-4465-BEE9-477F5F00E4FA}.Debug|ARM.ActiveCfg = Debug|ARM
		{A04F5738-7B55-4465-BEE9-477F5F00E4FA}.Debug|ARM.Build.0 = Debug|ARM
		{A04F5738-7B55-4465-BEE9-477F5F00E4FA}.Debug|ARM64.ActiveCfg = Debug|ARM64
		{A04F5738-7B55-4465-BEE9-477F5F00E4FA}.Debug|ARM64.Build.0 = Debug|ARM64
		{A04F5738-7B55-4465-BEE9-477F5F00E4FA}.Debug|x64.ActiveCfg = Debug|x64
		{A04F5738-7B55-4465-BEE9-477F5F00E4FA}.Debug|x64.Build.0 = Debug|x64
		{A04F5738-7B55-4465-BEE9-477F5F00E4FA}.Debug|x86.ActiveCfg = Debug|x86
		{A04F5738-7B55-4465-BEE9-477F5F00E4FA}.Debug|x86.Build.0 = Debug|x86
		{A04F5738-7B55-4465-BEE9-477F5F00E4FA}.Release|Any CPU.ActiveCfg = Release|Any CPU
		{A04F5738-7B55-4465-BEE9-477F5F00E4FA}.Release|Any CPU.Build.0 = Release|Any CPU
		{A04F5738-7B55-4465-BEE9-477F5F00E4FA}.Release|ARM.ActiveCfg = Release|ARM
		{A04F5738-7B55-4465-BEE9-477F5F00E4FA}.Release|ARM.Build.0 = Release|ARM
		{A04F5738-7B55-4465-BEE9-477F5F00E4FA}.Release|ARM64.ActiveCfg = Release|ARM64
		{A04F5738-7B55-4465-BEE9-477F5F00E4FA}.Release|ARM64.Build.0 = Release|ARM64
		{A04F5738-7B55-4465-BEE9-477F5F00E4FA}.Release|x64.ActiveCfg = Release|x64
		{A04F5738-7B55-4465-BEE9-477F5F00E4FA}.Release|x64.Build.0 = Release|x64
		{A04F5738-7B55-4465-BEE9-477F5F00E4FA}.Release|x86.ActiveCfg = Release|x86
		{A04F5738-7B55-4465-BEE9-477F5F00E4FA}.Release|x86.Build.0 = Release|x86
		{2C67D2BC-E0DB-42FE-A644-32F661C382E1}.Debug|Any CPU.ActiveCfg = Debug|Any CPU
		{2C67D2BC-E0DB-42FE-A644-32F661C382E1}.Debug|ARM.ActiveCfg = Debug|Any CPU
		{2C67D2BC-E0DB-42FE-A644-32F661C382E1}.Debug|ARM.Build.0 = Debug|Any CPU
		{2C67D2BC-E0DB-42FE-A644-32F661C382E1}.Debug|ARM64.ActiveCfg = Debug|Any CPU
		{2C67D2BC-E0DB-42FE-A644-32F661C382E1}.Debug|ARM64.Build.0 = Debug|Any CPU
		{2C67D2BC-E0DB-42FE-A644-32F661C382E1}.Debug|x64.ActiveCfg = Debug|Any CPU
		{2C67D2BC-E0DB-42FE-A644-32F661C382E1}.Debug|x64.Build.0 = Debug|Any CPU
		{2C67D2BC-E0DB-42FE-A644-32F661C382E1}.Debug|x86.ActiveCfg = Debug|Any CPU
		{2C67D2BC-E0DB-42FE-A644-32F661C382E1}.Debug|x86.Build.0 = Debug|Any CPU
		{2C67D2BC-E0DB-42FE-A644-32F661C382E1}.Release|Any CPU.ActiveCfg = Release|Any CPU
		{2C67D2BC-E0DB-42FE-A644-32F661C382E1}.Release|Any CPU.Build.0 = Release|Any CPU
		{2C67D2BC-E0DB-42FE-A644-32F661C382E1}.Release|ARM.ActiveCfg = Release|Any CPU
		{2C67D2BC-E0DB-42FE-A644-32F661C382E1}.Release|ARM.Build.0 = Release|Any CPU
		{2C67D2BC-E0DB-42FE-A644-32F661C382E1}.Release|ARM64.ActiveCfg = Release|Any CPU
		{2C67D2BC-E0DB-42FE-A644-32F661C382E1}.Release|ARM64.Build.0 = Release|Any CPU
		{2C67D2BC-E0DB-42FE-A644-32F661C382E1}.Release|x64.ActiveCfg = Release|Any CPU
		{2C67D2BC-E0DB-42FE-A644-32F661C382E1}.Release|x64.Build.0 = Release|Any CPU
		{2C67D2BC-E0DB-42FE-A644-32F661C382E1}.Release|x86.ActiveCfg = Release|Any CPU
		{2C67D2BC-E0DB-42FE-A644-32F661C382E1}.Release|x86.Build.0 = Release|Any CPU
	EndGlobalSection
	GlobalSection(SolutionProperties) = preSolution
		HideSolutionNode = FALSE
	EndGlobalSection
	GlobalSection(ExtensibilityGlobals) = postSolution
		SolutionGuid = {7206371A-47E7-4886-8186-0431369827CC}
	EndGlobalSection
EndGlobal
