
Microsoft Visual Studio Solution File, Format Version 12.00
# Visual Studio Version 17
VisualStudioVersion = 17.1.32414.318
MinimumVisualStudioVersion = 10.0.40219.1
Project("{FAE04EC0-301F-11D3-BF4B-00C04F79EFBC}") = "KeepSafeForPassword", "KeepSafeForPassword\KeepSafeForPassword.csproj", "{65088860-BE39-4905-BFD6-FEDA25793D30}"
EndProject
Project("{FAE04EC0-301F-11D3-BF4B-00C04F79EFBC}") = "Uwp.Core", "Uwp.Core\Uwp.Core\Uwp.Core.csproj", "{69691DC6-85D8-452E-A6CB-73E2E74A7B84}"
EndProject
Project("{FAE04EC0-301F-11D3-BF4B-00C04F79EFBC}") = "KeepSafeForPassword.Style", "KeepSafeForPassword.Style\KeepSafeForPassword.Style.csproj", "{09681A9C-86A4-4E4A-AA5B-347E439649C8}"
EndProject
Global
	GlobalSection(SolutionConfigurationPlatforms) = preSolution
		Debug|Any CPU = Debug|Any CPU
		Debug|ARM = Debug|ARM
		Debug|ARM64 = Debug|ARM64
		Debug|x64 = Debug|x64
		Debug|x86 = Debug|x86
		Release|Any CPU = Release|Any CPU
		Release|ARM = Release|ARM
		Release|ARM64 = Release|ARM64
		Release|x64 = Release|x64
		Release|x86 = Release|x86
	EndGlobalSection
	GlobalSection(ProjectConfigurationPlatforms) = postSolution
		{65088860-BE39-4905-BFD6-FEDA25793D30}.Debug|Any CPU.ActiveCfg = Debug|x64
		{65088860-BE39-4905-BFD6-FEDA25793D30}.Debug|Any CPU.Build.0 = Debug|x64
		{65088860-BE39-4905-BFD6-FEDA25793D30}.Debug|Any CPU.Deploy.0 = Debug|x64
		{65088860-BE39-4905-BFD6-FEDA25793D30}.Debug|ARM.ActiveCfg = Debug|ARM
		{65088860-BE39-4905-BFD6-FEDA25793D30}.Debug|ARM.Build.0 = Debug|ARM
		{65088860-BE39-4905-BFD6-FEDA25793D30}.Debug|ARM.Deploy.0 = Debug|ARM
		{65088860-BE39-4905-BFD6-FEDA25793D30}.Debug|ARM64.ActiveCfg = Debug|ARM64
		{65088860-BE39-4905-BFD6-FEDA25793D30}.Debug|ARM64.Build.0 = Debug|ARM64
		{65088860-BE39-4905-BFD6-FEDA25793D30}.Debug|ARM64.Deploy.0 = Debug|ARM64
		{65088860-BE39-4905-BFD6-FEDA25793D30}.Debug|x64.ActiveCfg = Debug|x64
		{65088860-BE39-4905-BFD6-FEDA25793D30}.Debug|x64.Build.0 = Debug|x64
		{65088860-BE39-4905-BFD6-FEDA25793D30}.Debug|x64.Deploy.0 = Debug|x64
		{65088860-BE39-4905-BFD6-FEDA25793D30}.Debug|x86.ActiveCfg = Debug|x86
		{65088860-BE39-4905-BFD6-FEDA25793D30}.Debug|x86.Build.0 = Debug|x86
		{65088860-BE39-4905-BFD6-FEDA25793D30}.Debug|x86.Deploy.0 = Debug|x86
		{65088860-BE39-4905-BFD6-FEDA25793D30}.Release|Any CPU.ActiveCfg = Release|x64
		{65088860-BE39-4905-BFD6-FEDA25793D30}.Release|Any CPU.Build.0 = Release|x64
		{65088860-BE39-4905-BFD6-FEDA25793D30}.Release|Any CPU.Deploy.0 = Release|x64
		{65088860-BE39-4905-BFD6-FEDA25793D30}.Release|ARM.ActiveCfg = Release|ARM
		{65088860-BE39-4905-BFD6-FEDA25793D30}.Release|ARM.Build.0 = Release|ARM
		{65088860-BE39-4905-BFD6-FEDA25793D30}.Release|ARM.Deploy.0 = Release|ARM
		{65088860-BE39-4905-BFD6-FEDA25793D30}.Release|ARM64.ActiveCfg = Release|ARM64
		{65088860-BE39-4905-BFD6-FEDA25793D30}.Release|ARM64.Build.0 = Release|ARM64
		{65088860-BE39-4905-BFD6-FEDA25793D30}.Release|ARM64.Deploy.0 = Release|ARM64
		{65088860-BE39-4905-BFD6-FEDA25793D30}.Release|x64.ActiveCfg = Release|x64
		{65088860-BE39-4905-BFD6-FEDA25793D30}.Release|x64.Build.0 = Release|x64
		{65088860-BE39-4905-BFD6-FEDA25793D30}.Release|x64.Deploy.0 = Release|x64
		{65088860-BE39-4905-BFD6-FEDA25793D30}.Release|x86.ActiveCfg = Release|x86
		{65088860-BE39-4905-BFD6-FEDA25793D30}.Release|x86.Build.0 = Release|x86
		{65088860-BE39-4905-BFD6-FEDA25793D30}.Release|x86.Deploy.0 = Release|x86
		{69691DC6-85D8-452E-A6CB-73E2E74A7B84}.Debug|Any CPU.ActiveCfg = Debug|Any CPU
		{69691DC6-85D8-452E-A6CB-73E2E74A7B84}.Debug|Any CPU.Build.0 = Debug|Any CPU
		{69691DC6-85D8-452E-A6CB-73E2E74A7B84}.Debug|ARM.ActiveCfg = Debug|ARM
		{69691DC6-85D8-452E-A6CB-73E2E74A7B84}.Debug|ARM.Build.0 = Debug|ARM
		{69691DC6-85D8-452E-A6CB-73E2E74A7B84}.Debug|ARM64.ActiveCfg = Debug|ARM64
		{69691DC6-85D8-452E-A6CB-73E2E74A7B84}.Debug|ARM64.Build.0 = Debug|ARM64
		{69691DC6-85D8-452E-A6CB-73E2E74A7B84}.Debug|x64.ActiveCfg = Debug|x64
		{69691DC6-85D8-452E-A6CB-73E2E74A7B84}.Debug|x64.Build.0 = Debug|x64
		{69691DC6-85D8-452E-A6CB-73E2E74A7B84}.Debug|x86.ActiveCfg = Debug|x86
		{69691DC6-85D8-452E-A6CB-73E2E74A7B84}.Debug|x86.Build.0 = Debug|x86
		{69691DC6-85D8-452E-A6CB-73E2E74A7B84}.Release|Any CPU.ActiveCfg = Release|Any CPU
		{69691DC6-85D8-452E-A6CB-73E2E74A7B84}.Release|Any CPU.Build.0 = Release|Any CPU
		{69691DC6-85D8-452E-A6CB-73E2E74A7B84}.Release|ARM.ActiveCfg = Release|ARM
		{69691DC6-85D8-452E-A6CB-73E2E74A7B84}.Release|ARM.Build.0 = Release|ARM
		{69691DC6-85D8-452E-A6CB-73E2E74A7B84}.Release|ARM64.ActiveCfg = Release|ARM64
		{69691DC6-85D8-452E-A6CB-73E2E74A7B84}.Release|ARM64.Build.0 = Release|ARM64
		{69691DC6-85D8-452E-A6CB-73E2E74A7B84}.Release|x64.ActiveCfg = Release|x64
		{69691DC6-85D8-452E-A6CB-73E2E74A7B84}.Release|x64.Build.0 = Release|x64
		{69691DC6-85D8-452E-A6CB-73E2E74A7B84}.Release|x86.ActiveCfg = Release|x86
		{69691DC6-85D8-452E-A6CB-73E2E74A7B84}.Release|x86.Build.0 = Release|x86
		{09681A9C-86A4-4E4A-AA5B-347E439649C8}.Debug|Any CPU.ActiveCfg = Debug|Any CPU
		{09681A9C-86A4-4E4A-AA5B-347E439649C8}.Debug|Any CPU.Build.0 = Debug|Any CPU
		{09681A9C-86A4-4E4A-AA5B-347E439649C8}.Debug|ARM.ActiveCfg = Debug|ARM
		{09681A9C-86A4-4E4A-AA5B-347E439649C8}.Debug|ARM.Build.0 = Debug|ARM
		{09681A9C-86A4-4E4A-AA5B-347E439649C8}.Debug|ARM64.ActiveCfg = Debug|ARM64
		{09681A9C-86A4-4E4A-AA5B-347E439649C8}.Debug|ARM64.Build.0 = Debug|ARM64
		{09681A9C-86A4-4E4A-AA5B-347E439649C8}.Debug|x64.ActiveCfg = Debug|x64
		{09681A9C-86A4-4E4A-AA5B-347E439649C8}.Debug|x64.Build.0 = Debug|x64
		{09681A9C-86A4-4E4A-AA5B-347E439649C8}.Debug|x86.ActiveCfg = Debug|x86
		{09681A9C-86A4-4E4A-AA5B-347E439649C8}.Debug|x86.Build.0 = Debug|x86
		{09681A9C-86A4-4E4A-AA5B-347E439649C8}.Release|Any CPU.ActiveCfg = Release|Any CPU
		{09681A9C-86A4-4E4A-AA5B-347E439649C8}.Release|Any CPU.Build.0 = Release|Any CPU
		{09681A9C-86A4-4E4A-AA5B-347E439649C8}.Release|ARM.ActiveCfg = Release|ARM
		{09681A9C-86A4-4E4A-AA5B-347E439649C8}.Release|ARM.Build.0 = Release|ARM
		{09681A9C-86A4-4E4A-AA5B-347E439649C8}.Release|ARM64.ActiveCfg = Release|ARM64
		{09681A9C-86A4-4E4A-AA5B-347E439649C8}.Release|ARM64.Build.0 = Release|ARM64
		{09681A9C-86A4-4E4A-AA5B-347E439649C8}.Release|x64.ActiveCfg = Release|x64
		{09681A9C-86A4-4E4A-AA5B-347E439649C8}.Release|x64.Build.0 = Release|x64
		{09681A9C-86A4-4E4A-AA5B-347E439649C8}.Release|x86.ActiveCfg = Release|x86
		{09681A9C-86A4-4E4A-AA5B-347E439649C8}.Release|x86.Build.0 = Release|x86
	EndGlobalSection
	GlobalSection(SolutionProperties) = preSolution
		HideSolutionNode = FALSE
	EndGlobalSection
	GlobalSection(ExtensibilityGlobals) = postSolution
		SolutionGuid = {2C959C65-1BF1-4BFC-85BB-70508C967F7E}
	EndGlobalSection
EndGlobal
