
Microsoft Visual Studio Solution File, Format Version 12.00
# Visual Studio Version 17
VisualStudioVersion = 17.1.32414.318
MinimumVisualStudioVersion = 10.0.40219.1
Project("{FAE04EC0-301F-11D3-BF4B-00C04F79EFBC}") = "MoneyLover", "MoneyLover\MoneyLover.csproj", "{ECD102F5-3774-48AA-91B1-F21B34394435}"
EndProject
Project("{FAE04EC0-301F-11D3-BF4B-00C04F79EFBC}") = "Uwp.Core", "Uwp.Core\Uwp.Core\Uwp.Core.csproj", "{69691DC6-85D8-452E-A6CB-73E2E74A7B84}"
EndProject
Project("{9A19103F-16F7-4668-BE54-9A1E7A4F7556}") = "Uwp.SQLite.Model", "Uwp.Model\Uwp.SQLite.Model.csproj", "{D6344523-62B0-4A9F-BB68-DFF97FD51089}"
EndProject
Project("{9A19103F-16F7-4668-BE54-9A1E7A4F7556}") = "Uwp.Console.Extension", "Uwp.Console.Extension\Uwp.Console.Extension.csproj", "{3BA3B912-93CB-4BF6-BE88-53294830A136}"
EndProject
Project("{FAE04EC0-301F-11D3-BF4B-00C04F79EFBC}") = "MoneyLover.Style", "MoneyLover.Style\MoneyLover.Style.csproj", "{6CB336F5-6CDD-4D6F-8785-BC0DA2FCEA9E}"
EndProject
Project("{FAE04EC0-301F-11D3-BF4B-00C04F79EFBC}") = "MoneyLover.Messenger", "MoneyLover.Messenger\MoneyLover.Messenger.csproj", "{87BF9B7B-710B-4E94-B52E-9C0068EBD5FC}"
EndProject
Global
	GlobalSection(SolutionConfigurationPlatforms) = preSolution
		Debug|Any CPU = Debug|Any CPU
		Debug|ARM = Debug|ARM
		Debug|ARM64 = Debug|ARM64
		Debug|x64 = Debug|x64
		Debug|x86 = Debug|x86
		Release|Any CPU = Release|Any CPU
		Release|ARM = Release|ARM
		Release|ARM64 = Release|ARM64
		Release|x64 = Release|x64
		Release|x86 = Release|x86
	EndGlobalSection
	GlobalSection(ProjectConfigurationPlatforms) = postSolution
		{ECD102F5-3774-48AA-91B1-F21B34394435}.Debug|Any CPU.ActiveCfg = Debug|x64
		{ECD102F5-3774-48AA-91B1-F21B34394435}.Debug|Any CPU.Build.0 = Debug|x64
		{ECD102F5-3774-48AA-91B1-F21B34394435}.Debug|Any CPU.Deploy.0 = Debug|x64
		{ECD102F5-3774-48AA-91B1-F21B34394435}.Debug|ARM.ActiveCfg = Debug|ARM
		{ECD102F5-3774-48AA-91B1-F21B34394435}.Debug|ARM.Build.0 = Debug|ARM
		{ECD102F5-3774-48AA-91B1-F21B34394435}.Debug|ARM.Deploy.0 = Debug|ARM
		{ECD102F5-3774-48AA-91B1-F21B34394435}.Debug|ARM64.ActiveCfg = Debug|ARM64
		{ECD102F5-3774-48AA-91B1-F21B34394435}.Debug|ARM64.Build.0 = Debug|ARM64
		{ECD102F5-3774-48AA-91B1-F21B34394435}.Debug|ARM64.Deploy.0 = Debug|ARM64
		{ECD102F5-3774-48AA-91B1-F21B34394435}.Debug|x64.ActiveCfg = Debug|x64
		{ECD102F5-3774-48AA-91B1-F21B34394435}.Debug|x64.Build.0 = Debug|x64
		{ECD102F5-3774-48AA-91B1-F21B34394435}.Debug|x64.Deploy.0 = Debug|x64
		{ECD102F5-3774-48AA-91B1-F21B34394435}.Debug|x86.ActiveCfg = Debug|x86
		{ECD102F5-3774-48AA-91B1-F21B34394435}.Debug|x86.Build.0 = Debug|x86
		{ECD102F5-3774-48AA-91B1-F21B34394435}.Debug|x86.Deploy.0 = Debug|x86
		{ECD102F5-3774-48AA-91B1-F21B34394435}.Release|Any CPU.ActiveCfg = Release|x64
		{ECD102F5-3774-48AA-91B1-F21B34394435}.Release|Any CPU.Build.0 = Release|x64
		{ECD102F5-3774-48AA-91B1-F21B34394435}.Release|Any CPU.Deploy.0 = Release|x64
		{ECD102F5-3774-48AA-91B1-F21B34394435}.Release|ARM.ActiveCfg = Release|ARM
		{ECD102F5-3774-48AA-91B1-F21B34394435}.Release|ARM.Build.0 = Release|ARM
		{ECD102F5-3774-48AA-91B1-F21B34394435}.Release|ARM.Deploy.0 = Release|ARM
		{ECD102F5-3774-48AA-91B1-F21B34394435}.Release|ARM64.ActiveCfg = Release|ARM64
		{ECD102F5-3774-48AA-91B1-F21B34394435}.Release|ARM64.Build.0 = Release|ARM64
		{ECD102F5-3774-48AA-91B1-F21B34394435}.Release|ARM64.Deploy.0 = Release|ARM64
		{ECD102F5-3774-48AA-91B1-F21B34394435}.Release|x64.ActiveCfg = Release|x64
		{ECD102F5-3774-48AA-91B1-F21B34394435}.Release|x64.Build.0 = Release|x64
		{ECD102F5-3774-48AA-91B1-F21B34394435}.Release|x64.Deploy.0 = Release|x64
		{ECD102F5-3774-48AA-91B1-F21B34394435}.Release|x86.ActiveCfg = Release|x86
		{ECD102F5-3774-48AA-91B1-F21B34394435}.Release|x86.Build.0 = Release|x86
		{ECD102F5-3774-48AA-91B1-F21B34394435}.Release|x86.Deploy.0 = Release|x86
		{69691DC6-85D8-452E-A6CB-73E2E74A7B84}.Debug|Any CPU.ActiveCfg = Debug|Any CPU
		{69691DC6-85D8-452E-A6CB-73E2E74A7B84}.Debug|Any CPU.Build.0 = Debug|Any CPU
		{69691DC6-85D8-452E-A6CB-73E2E74A7B84}.Debug|ARM.ActiveCfg = Debug|ARM
		{69691DC6-85D8-452E-A6CB-73E2E74A7B84}.Debug|ARM.Build.0 = Debug|ARM
		{69691DC6-85D8-452E-A6CB-73E2E74A7B84}.Debug|ARM64.ActiveCfg = Debug|ARM64
		{69691DC6-85D8-452E-A6CB-73E2E74A7B84}.Debug|ARM64.Build.0 = Debug|ARM64
		{69691DC6-85D8-452E-A6CB-73E2E74A7B84}.Debug|x64.ActiveCfg = Debug|x64
		{69691DC6-85D8-452E-A6CB-73E2E74A7B84}.Debug|x64.Build.0 = Debug|x64
		{69691DC6-85D8-452E-A6CB-73E2E74A7B84}.Debug|x86.ActiveCfg = Debug|x86
		{69691DC6-85D8-452E-A6CB-73E2E74A7B84}.Debug|x86.Build.0 = Debug|x86
		{69691DC6-85D8-452E-A6CB-73E2E74A7B84}.Release|Any CPU.ActiveCfg = Release|Any CPU
		{69691DC6-85D8-452E-A6CB-73E2E74A7B84}.Release|Any CPU.Build.0 = Release|Any CPU
		{69691DC6-85D8-452E-A6CB-73E2E74A7B84}.Release|ARM.ActiveCfg = Release|ARM
		{69691DC6-85D8-452E-A6CB-73E2E74A7B84}.Release|ARM.Build.0 = Release|ARM
		{69691DC6-85D8-452E-A6CB-73E2E74A7B84}.Release|ARM64.ActiveCfg = Release|ARM64
		{69691DC6-85D8-452E-A6CB-73E2E74A7B84}.Release|ARM64.Build.0 = Release|ARM64
		{69691DC6-85D8-452E-A6CB-73E2E74A7B84}.Release|x64.ActiveCfg = Release|x64
		{69691DC6-85D8-452E-A6CB-73E2E74A7B84}.Release|x64.Build.0 = Release|x64
		{69691DC6-85D8-452E-A6CB-73E2E74A7B84}.Release|x86.ActiveCfg = Release|x86
		{69691DC6-85D8-452E-A6CB-73E2E74A7B84}.Release|x86.Build.0 = Release|x86
		{D6344523-62B0-4A9F-BB68-DFF97FD51089}.Debug|Any CPU.ActiveCfg = Debug|Any CPU
		{D6344523-62B0-4A9F-BB68-DFF97FD51089}.Debug|Any CPU.Build.0 = Debug|Any CPU
		{D6344523-62B0-4A9F-BB68-DFF97FD51089}.Debug|ARM.ActiveCfg = Debug|Any CPU
		{D6344523-62B0-4A9F-BB68-DFF97FD51089}.Debug|ARM.Build.0 = Debug|Any CPU
		{D6344523-62B0-4A9F-BB68-DFF97FD51089}.Debug|ARM64.ActiveCfg = Debug|Any CPU
		{D6344523-62B0-4A9F-BB68-DFF97FD51089}.Debug|ARM64.Build.0 = Debug|Any CPU
		{D6344523-62B0-4A9F-BB68-DFF97FD51089}.Debug|x64.ActiveCfg = Debug|Any CPU
		{D6344523-62B0-4A9F-BB68-DFF97FD51089}.Debug|x64.Build.0 = Debug|Any CPU
		{D6344523-62B0-4A9F-BB68-DFF97FD51089}.Debug|x86.ActiveCfg = Debug|Any CPU
		{D6344523-62B0-4A9F-BB68-DFF97FD51089}.Debug|x86.Build.0 = Debug|Any CPU
		{D6344523-62B0-4A9F-BB68-DFF97FD51089}.Release|Any CPU.ActiveCfg = Release|Any CPU
		{D6344523-62B0-4A9F-BB68-DFF97FD51089}.Release|Any CPU.Build.0 = Release|Any CPU
		{D6344523-62B0-4A9F-BB68-DFF97FD51089}.Release|ARM.ActiveCfg = Release|Any CPU
		{D6344523-62B0-4A9F-BB68-DFF97FD51089}.Release|ARM.Build.0 = Release|Any CPU
		{D6344523-62B0-4A9F-BB68-DFF97FD51089}.Release|ARM64.ActiveCfg = Release|Any CPU
		{D6344523-62B0-4A9F-BB68-DFF97FD51089}.Release|ARM64.Build.0 = Release|Any CPU
		{D6344523-62B0-4A9F-BB68-DFF97FD51089}.Release|x64.ActiveCfg = Release|Any CPU
		{D6344523-62B0-4A9F-BB68-DFF97FD51089}.Release|x64.Build.0 = Release|Any CPU
		{D6344523-62B0-4A9F-BB68-DFF97FD51089}.Release|x86.ActiveCfg = Release|Any CPU
		{D6344523-62B0-4A9F-BB68-DFF97FD51089}.Release|x86.Build.0 = Release|Any CPU
		{3BA3B912-93CB-4BF6-BE88-53294830A136}.Debug|Any CPU.ActiveCfg = Debug|Any CPU
		{3BA3B912-93CB-4BF6-BE88-53294830A136}.Debug|Any CPU.Build.0 = Debug|Any CPU
		{3BA3B912-93CB-4BF6-BE88-53294830A136}.Debug|ARM.ActiveCfg = Debug|Any CPU
		{3BA3B912-93CB-4BF6-BE88-53294830A136}.Debug|ARM.Build.0 = Debug|Any CPU
		{3BA3B912-93CB-4BF6-BE88-53294830A136}.Debug|ARM64.ActiveCfg = Debug|Any CPU
		{3BA3B912-93CB-4BF6-BE88-53294830A136}.Debug|ARM64.Build.0 = Debug|Any CPU
		{3BA3B912-93CB-4BF6-BE88-53294830A136}.Debug|x64.ActiveCfg = Debug|Any CPU
		{3BA3B912-93CB-4BF6-BE88-53294830A136}.Debug|x64.Build.0 = Debug|Any CPU
		{3BA3B912-93CB-4BF6-BE88-53294830A136}.Debug|x86.ActiveCfg = Debug|Any CPU
		{3BA3B912-93CB-4BF6-BE88-53294830A136}.Debug|x86.Build.0 = Debug|Any CPU
		{3BA3B912-93CB-4BF6-BE88-53294830A136}.Release|Any CPU.ActiveCfg = Release|Any CPU
		{3BA3B912-93CB-4BF6-BE88-53294830A136}.Release|Any CPU.Build.0 = Release|Any CPU
		{3BA3B912-93CB-4BF6-BE88-53294830A136}.Release|ARM.ActiveCfg = Release|Any CPU
		{3BA3B912-93CB-4BF6-BE88-53294830A136}.Release|ARM.Build.0 = Release|Any CPU
		{3BA3B912-93CB-4BF6-BE88-53294830A136}.Release|ARM64.ActiveCfg = Release|Any CPU
		{3BA3B912-93CB-4BF6-BE88-53294830A136}.Release|ARM64.Build.0 = Release|Any CPU
		{3BA3B912-93CB-4BF6-BE88-53294830A136}.Release|x64.ActiveCfg = Release|Any CPU
		{3BA3B912-93CB-4BF6-BE88-53294830A136}.Release|x64.Build.0 = Release|Any CPU
		{3BA3B912-93CB-4BF6-BE88-53294830A136}.Release|x86.ActiveCfg = Release|Any CPU
		{3BA3B912-93CB-4BF6-BE88-53294830A136}.Release|x86.Build.0 = Release|Any CPU
		{6CB336F5-6CDD-4D6F-8785-BC0DA2FCEA9E}.Debug|Any CPU.ActiveCfg = Debug|Any CPU
		{6CB336F5-6CDD-4D6F-8785-BC0DA2FCEA9E}.Debug|Any CPU.Build.0 = Debug|Any CPU
		{6CB336F5-6CDD-4D6F-8785-BC0DA2FCEA9E}.Debug|ARM.ActiveCfg = Debug|ARM
		{6CB336F5-6CDD-4D6F-8785-BC0DA2FCEA9E}.Debug|ARM.Build.0 = Debug|ARM
		{6CB336F5-6CDD-4D6F-8785-BC0DA2FCEA9E}.Debug|ARM64.ActiveCfg = Debug|ARM64
		{6CB336F5-6CDD-4D6F-8785-BC0DA2FCEA9E}.Debug|ARM64.Build.0 = Debug|ARM64
		{6CB336F5-6CDD-4D6F-8785-BC0DA2FCEA9E}.Debug|x64.ActiveCfg = Debug|x64
		{6CB336F5-6CDD-4D6F-8785-BC0DA2FCEA9E}.Debug|x64.Build.0 = Debug|x64
		{6CB336F5-6CDD-4D6F-8785-BC0DA2FCEA9E}.Debug|x86.ActiveCfg = Debug|x86
		{6CB336F5-6CDD-4D6F-8785-BC0DA2FCEA9E}.Debug|x86.Build.0 = Debug|x86
		{6CB336F5-6CDD-4D6F-8785-BC0DA2FCEA9E}.Release|Any CPU.ActiveCfg = Release|Any CPU
		{6CB336F5-6CDD-4D6F-8785-BC0DA2FCEA9E}.Release|Any CPU.Build.0 = Release|Any CPU
		{6CB336F5-6CDD-4D6F-8785-BC0DA2FCEA9E}.Release|ARM.ActiveCfg = Release|ARM
		{6CB336F5-6CDD-4D6F-8785-BC0DA2FCEA9E}.Release|ARM.Build.0 = Release|ARM
		{6CB336F5-6CDD-4D6F-8785-BC0DA2FCEA9E}.Release|ARM64.ActiveCfg = Release|ARM64
		{6CB336F5-6CDD-4D6F-8785-BC0DA2FCEA9E}.Release|ARM64.Build.0 = Release|ARM64
		{6CB336F5-6CDD-4D6F-8785-BC0DA2FCEA9E}.Release|x64.ActiveCfg = Release|x64
		{6CB336F5-6CDD-4D6F-8785-BC0DA2FCEA9E}.Release|x64.Build.0 = Release|x64
		{6CB336F5-6CDD-4D6F-8785-BC0DA2FCEA9E}.Release|x86.ActiveCfg = Release|x86
		{6CB336F5-6CDD-4D6F-8785-BC0DA2FCEA9E}.Release|x86.Build.0 = Release|x86
		{87BF9B7B-710B-4E94-B52E-9C0068EBD5FC}.Debug|Any CPU.ActiveCfg = Debug|Any CPU
		{87BF9B7B-710B-4E94-B52E-9C0068EBD5FC}.Debug|Any CPU.Build.0 = Debug|Any CPU
		{87BF9B7B-710B-4E94-B52E-9C0068EBD5FC}.Debug|ARM.ActiveCfg = Debug|ARM
		{87BF9B7B-710B-4E94-B52E-9C0068EBD5FC}.Debug|ARM.Build.0 = Debug|ARM
		{87BF9B7B-710B-4E94-B52E-9C0068EBD5FC}.Debug|ARM64.ActiveCfg = Debug|ARM64
		{87BF9B7B-710B-4E94-B52E-9C0068EBD5FC}.Debug|ARM64.Build.0 = Debug|ARM64
		{87BF9B7B-710B-4E94-B52E-9C0068EBD5FC}.Debug|x64.ActiveCfg = Debug|x64
		{87BF9B7B-710B-4E94-B52E-9C0068EBD5FC}.Debug|x64.Build.0 = Debug|x64
		{87BF9B7B-710B-4E94-B52E-9C0068EBD5FC}.Debug|x86.ActiveCfg = Debug|x86
		{87BF9B7B-710B-4E94-B52E-9C0068EBD5FC}.Debug|x86.Build.0 = Debug|x86
		{87BF9B7B-710B-4E94-B52E-9C0068EBD5FC}.Release|Any CPU.ActiveCfg = Release|Any CPU
		{87BF9B7B-710B-4E94-B52E-9C0068EBD5FC}.Release|Any CPU.Build.0 = Release|Any CPU
		{87BF9B7B-710B-4E94-B52E-9C0068EBD5FC}.Release|ARM.ActiveCfg = Release|ARM
		{87BF9B7B-710B-4E94-B52E-9C0068EBD5FC}.Release|ARM.Build.0 = Release|ARM
		{87BF9B7B-710B-4E94-B52E-9C0068EBD5FC}.Release|ARM64.ActiveCfg = Release|ARM64
		{87BF9B7B-710B-4E94-B52E-9C0068EBD5FC}.Release|ARM64.Build.0 = Release|ARM64
		{87BF9B7B-710B-4E94-B52E-9C0068EBD5FC}.Release|x64.ActiveCfg = Release|x64
		{87BF9B7B-710B-4E94-B52E-9C0068EBD5FC}.Release|x64.Build.0 = Release|x64
		{87BF9B7B-710B-4E94-B52E-9C0068EBD5FC}.Release|x86.ActiveCfg = Release|x86
		{87BF9B7B-710B-4E94-B52E-9C0068EBD5FC}.Release|x86.Build.0 = Release|x86
	EndGlobalSection
	GlobalSection(SolutionProperties) = preSolution
		HideSolutionNode = FALSE
	EndGlobalSection
	GlobalSection(ExtensibilityGlobals) = postSolution
		SolutionGuid = {59BA34BC-E835-4130-A383-291891AC8C14}
	EndGlobalSection
EndGlobal
