
Microsoft Visual Studio Solution File, Format Version 12.00
# Visual Studio Version 17
VisualStudioVersion = 17.2.32602.215
MinimumVisualStudioVersion = 10.0.40219.1
Project("{FAE04EC0-301F-11D3-BF4B-00C04F79EFBC}") = "FlashCard", "FlashCard\FlashCard.csproj", "{9399624B-38BD-45B7-9A2C-E37620F8D0F4}"
EndProject
Project("{9A19103F-16F7-4668-BE54-9A1E7A4F7556}") = "Uwp.Console.Extension", "Uwp.Console.Extension\Uwp.Console.Extension.csproj", "{6E59A57C-8963-4E30-B25F-9E4014218410}"
EndProject
Project("{FAE04EC0-301F-11D3-BF4B-00C04F79EFBC}") = "Uwp.Core", "Uwp.Core\Uwp.Core\Uwp.Core.csproj", "{69691DC6-85D8-452E-A6CB-73E2E74A7B84}"
EndProject
Project("{FAE04EC0-301F-11D3-BF4B-00C04F79EFBC}") = "Uwp.Messenger", "Uwp.Messenger\Uwp.Messenger.csproj", "{0BE456E2-22F5-4310-9929-930370D7D6DE}"
EndProject
Project("{9A19103F-16F7-4668-BE54-9A1E7A4F7556}") = "Uwp.SQLite.Model", "Uwp.SQLite.Model\Uwp.SQLite.Model.csproj", "{8EC2A99A-2B0F-4B18-98E9-D6582C35ACCF}"
EndProject
Project("{FAE04EC0-301F-11D3-BF4B-00C04F79EFBC}") = "Uwp.Style", "Uwp.Style\Uwp.Style.csproj", "{47076ECA-BEF8-4268-A08F-A1D47150E9E5}"
EndProject
Global
	GlobalSection(SolutionConfigurationPlatforms) = preSolution
		Debug|Any CPU = Debug|Any CPU
		Debug|ARM = Debug|ARM
		Debug|ARM64 = Debug|ARM64
		Debug|x64 = Debug|x64
		Debug|x86 = Debug|x86
		Release|Any CPU = Release|Any CPU
		Release|ARM = Release|ARM
		Release|ARM64 = Release|ARM64
		Release|x64 = Release|x64
		Release|x86 = Release|x86
	EndGlobalSection
	GlobalSection(ProjectConfigurationPlatforms) = postSolution
		{9399624B-38BD-45B7-9A2C-E37620F8D0F4}.Debug|Any CPU.ActiveCfg = Debug|x64
		{9399624B-38BD-45B7-9A2C-E37620F8D0F4}.Debug|Any CPU.Build.0 = Debug|x64
		{9399624B-38BD-45B7-9A2C-E37620F8D0F4}.Debug|Any CPU.Deploy.0 = Debug|x64
		{9399624B-38BD-45B7-9A2C-E37620F8D0F4}.Debug|ARM.ActiveCfg = Debug|ARM
		{9399624B-38BD-45B7-9A2C-E37620F8D0F4}.Debug|ARM.Build.0 = Debug|ARM
		{9399624B-38BD-45B7-9A2C-E37620F8D0F4}.Debug|ARM.Deploy.0 = Debug|ARM
		{9399624B-38BD-45B7-9A2C-E37620F8D0F4}.Debug|ARM64.ActiveCfg = Debug|ARM64
		{9399624B-38BD-45B7-9A2C-E37620F8D0F4}.Debug|ARM64.Build.0 = Debug|ARM64
		{9399624B-38BD-45B7-9A2C-E37620F8D0F4}.Debug|ARM64.Deploy.0 = Debug|ARM64
		{9399624B-38BD-45B7-9A2C-E37620F8D0F4}.Debug|x64.ActiveCfg = Debug|x64
		{9399624B-38BD-45B7-9A2C-E37620F8D0F4}.Debug|x64.Build.0 = Debug|x64
		{9399624B-38BD-45B7-9A2C-E37620F8D0F4}.Debug|x64.Deploy.0 = Debug|x64
		{9399624B-38BD-45B7-9A2C-E37620F8D0F4}.Debug|x86.ActiveCfg = Debug|x86
		{9399624B-38BD-45B7-9A2C-E37620F8D0F4}.Debug|x86.Build.0 = Debug|x86
		{9399624B-38BD-45B7-9A2C-E37620F8D0F4}.Debug|x86.Deploy.0 = Debug|x86
		{9399624B-38BD-45B7-9A2C-E37620F8D0F4}.Release|Any CPU.ActiveCfg = Release|x64
		{9399624B-38BD-45B7-9A2C-E37620F8D0F4}.Release|Any CPU.Build.0 = Release|x64
		{9399624B-38BD-45B7-9A2C-E37620F8D0F4}.Release|Any CPU.Deploy.0 = Release|x64
		{9399624B-38BD-45B7-9A2C-E37620F8D0F4}.Release|ARM.ActiveCfg = Release|ARM
		{9399624B-38BD-45B7-9A2C-E37620F8D0F4}.Release|ARM.Build.0 = Release|ARM
		{9399624B-38BD-45B7-9A2C-E37620F8D0F4}.Release|ARM.Deploy.0 = Release|ARM
		{9399624B-38BD-45B7-9A2C-E37620F8D0F4}.Release|ARM64.ActiveCfg = Release|ARM64
		{9399624B-38BD-45B7-9A2C-E37620F8D0F4}.Release|ARM64.Build.0 = Release|ARM64
		{9399624B-38BD-45B7-9A2C-E37620F8D0F4}.Release|ARM64.Deploy.0 = Release|ARM64
		{9399624B-38BD-45B7-9A2C-E37620F8D0F4}.Release|x64.ActiveCfg = Release|x64
		{9399624B-38BD-45B7-9A2C-E37620F8D0F4}.Release|x64.Build.0 = Release|x64
		{9399624B-38BD-45B7-9A2C-E37620F8D0F4}.Release|x64.Deploy.0 = Release|x64
		{9399624B-38BD-45B7-9A2C-E37620F8D0F4}.Release|x86.ActiveCfg = Release|x86
		{9399624B-38BD-45B7-9A2C-E37620F8D0F4}.Release|x86.Build.0 = Release|x86
		{9399624B-38BD-45B7-9A2C-E37620F8D0F4}.Release|x86.Deploy.0 = Release|x86
		{6E59A57C-8963-4E30-B25F-9E4014218410}.Debug|Any CPU.ActiveCfg = Debug|Any CPU
		{6E59A57C-8963-4E30-B25F-9E4014218410}.Debug|Any CPU.Build.0 = Debug|Any CPU
		{6E59A57C-8963-4E30-B25F-9E4014218410}.Debug|ARM.ActiveCfg = Debug|Any CPU
		{6E59A57C-8963-4E30-B25F-9E4014218410}.Debug|ARM.Build.0 = Debug|Any CPU
		{6E59A57C-8963-4E30-B25F-9E4014218410}.Debug|ARM64.ActiveCfg = Debug|Any CPU
		{6E59A57C-8963-4E30-B25F-9E4014218410}.Debug|ARM64.Build.0 = Debug|Any CPU
		{6E59A57C-8963-4E30-B25F-9E4014218410}.Debug|x64.ActiveCfg = Debug|Any CPU
		{6E59A57C-8963-4E30-B25F-9E4014218410}.Debug|x64.Build.0 = Debug|Any CPU
		{6E59A57C-8963-4E30-B25F-9E4014218410}.Debug|x86.ActiveCfg = Debug|Any CPU
		{6E59A57C-8963-4E30-B25F-9E4014218410}.Debug|x86.Build.0 = Debug|Any CPU
		{6E59A57C-8963-4E30-B25F-9E4014218410}.Release|Any CPU.ActiveCfg = Release|Any CPU
		{6E59A57C-8963-4E30-B25F-9E4014218410}.Release|Any CPU.Build.0 = Release|Any CPU
		{6E59A57C-8963-4E30-B25F-9E4014218410}.Release|ARM.ActiveCfg = Release|Any CPU
		{6E59A57C-8963-4E30-B25F-9E4014218410}.Release|ARM.Build.0 = Release|Any CPU
		{6E59A57C-8963-4E30-B25F-9E4014218410}.Release|ARM64.ActiveCfg = Release|Any CPU
		{6E59A57C-8963-4E30-B25F-9E4014218410}.Release|ARM64.Build.0 = Release|Any CPU
		{6E59A57C-8963-4E30-B25F-9E4014218410}.Release|x64.ActiveCfg = Release|Any CPU
		{6E59A57C-8963-4E30-B25F-9E4014218410}.Release|x64.Build.0 = Release|Any CPU
		{6E59A57C-8963-4E30-B25F-9E4014218410}.Release|x86.ActiveCfg = Release|Any CPU
		{6E59A57C-8963-4E30-B25F-9E4014218410}.Release|x86.Build.0 = Release|Any CPU
		{69691DC6-85D8-452E-A6CB-73E2E74A7B84}.Debug|Any CPU.ActiveCfg = Debug|Any CPU
		{69691DC6-85D8-452E-A6CB-73E2E74A7B84}.Debug|Any CPU.Build.0 = Debug|Any CPU
		{69691DC6-85D8-452E-A6CB-73E2E74A7B84}.Debug|ARM.ActiveCfg = Debug|ARM
		{69691DC6-85D8-452E-A6CB-73E2E74A7B84}.Debug|ARM.Build.0 = Debug|ARM
		{69691DC6-85D8-452E-A6CB-73E2E74A7B84}.Debug|ARM64.ActiveCfg = Debug|ARM64
		{69691DC6-85D8-452E-A6CB-73E2E74A7B84}.Debug|ARM64.Build.0 = Debug|ARM64
		{69691DC6-85D8-452E-A6CB-73E2E74A7B84}.Debug|x64.ActiveCfg = Debug|x64
		{69691DC6-85D8-452E-A6CB-73E2E74A7B84}.Debug|x64.Build.0 = Debug|x64
		{69691DC6-85D8-452E-A6CB-73E2E74A7B84}.Debug|x86.ActiveCfg = Debug|x86
		{69691DC6-85D8-452E-A6CB-73E2E74A7B84}.Debug|x86.Build.0 = Debug|x86
		{69691DC6-85D8-452E-A6CB-73E2E74A7B84}.Release|Any CPU.ActiveCfg = Release|Any CPU
		{69691DC6-85D8-452E-A6CB-73E2E74A7B84}.Release|Any CPU.Build.0 = Release|Any CPU
		{69691DC6-85D8-452E-A6CB-73E2E74A7B84}.Release|ARM.ActiveCfg = Release|ARM
		{69691DC6-85D8-452E-A6CB-73E2E74A7B84}.Release|ARM.Build.0 = Release|ARM
		{69691DC6-85D8-452E-A6CB-73E2E74A7B84}.Release|ARM64.ActiveCfg = Release|ARM64
		{69691DC6-85D8-452E-A6CB-73E2E74A7B84}.Release|ARM64.Build.0 = Release|ARM64
		{69691DC6-85D8-452E-A6CB-73E2E74A7B84}.Release|x64.ActiveCfg = Release|x64
		{69691DC6-85D8-452E-A6CB-73E2E74A7B84}.Release|x64.Build.0 = Release|x64
		{69691DC6-85D8-452E-A6CB-73E2E74A7B84}.Release|x86.ActiveCfg = Release|x86
		{69691DC6-85D8-452E-A6CB-73E2E74A7B84}.Release|x86.Build.0 = Release|x86
		{0BE456E2-22F5-4310-9929-930370D7D6DE}.Debug|Any CPU.ActiveCfg = Debug|Any CPU
		{0BE456E2-22F5-4310-9929-930370D7D6DE}.Debug|Any CPU.Build.0 = Debug|Any CPU
		{0BE456E2-22F5-4310-9929-930370D7D6DE}.Debug|ARM.ActiveCfg = Debug|ARM
		{0BE456E2-22F5-4310-9929-930370D7D6DE}.Debug|ARM.Build.0 = Debug|ARM
		{0BE456E2-22F5-4310-9929-930370D7D6DE}.Debug|ARM64.ActiveCfg = Debug|ARM64
		{0BE456E2-22F5-4310-9929-930370D7D6DE}.Debug|ARM64.Build.0 = Debug|ARM64
		{0BE456E2-22F5-4310-9929-930370D7D6DE}.Debug|x64.ActiveCfg = Debug|x64
		{0BE456E2-22F5-4310-9929-930370D7D6DE}.Debug|x64.Build.0 = Debug|x64
		{0BE456E2-22F5-4310-9929-930370D7D6DE}.Debug|x86.ActiveCfg = Debug|x86
		{0BE456E2-22F5-4310-9929-930370D7D6DE}.Debug|x86.Build.0 = Debug|x86
		{0BE456E2-22F5-4310-9929-930370D7D6DE}.Release|Any CPU.ActiveCfg = Release|Any CPU
		{0BE456E2-22F5-4310-9929-930370D7D6DE}.Release|Any CPU.Build.0 = Release|Any CPU
		{0BE456E2-22F5-4310-9929-930370D7D6DE}.Release|ARM.ActiveCfg = Release|ARM
		{0BE456E2-22F5-4310-9929-930370D7D6DE}.Release|ARM.Build.0 = Release|ARM
		{0BE456E2-22F5-4310-9929-930370D7D6DE}.Release|ARM64.ActiveCfg = Release|ARM64
		{0BE456E2-22F5-4310-9929-930370D7D6DE}.Release|ARM64.Build.0 = Release|ARM64
		{0BE456E2-22F5-4310-9929-930370D7D6DE}.Release|x64.ActiveCfg = Release|x64
		{0BE456E2-22F5-4310-9929-930370D7D6DE}.Release|x64.Build.0 = Release|x64
		{0BE456E2-22F5-4310-9929-930370D7D6DE}.Release|x86.ActiveCfg = Release|x86
		{0BE456E2-22F5-4310-9929-930370D7D6DE}.Release|x86.Build.0 = Release|x86
		{8EC2A99A-2B0F-4B18-98E9-D6582C35ACCF}.Debug|Any CPU.ActiveCfg = Debug|Any CPU
		{8EC2A99A-2B0F-4B18-98E9-D6582C35ACCF}.Debug|Any CPU.Build.0 = Debug|Any CPU
		{8EC2A99A-2B0F-4B18-98E9-D6582C35ACCF}.Debug|ARM.ActiveCfg = Debug|Any CPU
		{8EC2A99A-2B0F-4B18-98E9-D6582C35ACCF}.Debug|ARM.Build.0 = Debug|Any CPU
		{8EC2A99A-2B0F-4B18-98E9-D6582C35ACCF}.Debug|ARM64.ActiveCfg = Debug|Any CPU
		{8EC2A99A-2B0F-4B18-98E9-D6582C35ACCF}.Debug|ARM64.Build.0 = Debug|Any CPU
		{8EC2A99A-2B0F-4B18-98E9-D6582C35ACCF}.Debug|x64.ActiveCfg = Debug|Any CPU
		{8EC2A99A-2B0F-4B18-98E9-D6582C35ACCF}.Debug|x64.Build.0 = Debug|Any CPU
		{8EC2A99A-2B0F-4B18-98E9-D6582C35ACCF}.Debug|x86.ActiveCfg = Debug|Any CPU
		{8EC2A99A-2B0F-4B18-98E9-D6582C35ACCF}.Debug|x86.Build.0 = Debug|Any CPU
		{8EC2A99A-2B0F-4B18-98E9-D6582C35ACCF}.Release|Any CPU.ActiveCfg = Release|Any CPU
		{8EC2A99A-2B0F-4B18-98E9-D6582C35ACCF}.Release|Any CPU.Build.0 = Release|Any CPU
		{8EC2A99A-2B0F-4B18-98E9-D6582C35ACCF}.Release|ARM.ActiveCfg = Release|Any CPU
		{8EC2A99A-2B0F-4B18-98E9-D6582C35ACCF}.Release|ARM.Build.0 = Release|Any CPU
		{8EC2A99A-2B0F-4B18-98E9-D6582C35ACCF}.Release|ARM64.ActiveCfg = Release|Any CPU
		{8EC2A99A-2B0F-4B18-98E9-D6582C35ACCF}.Release|ARM64.Build.0 = Release|Any CPU
		{8EC2A99A-2B0F-4B18-98E9-D6582C35ACCF}.Release|x64.ActiveCfg = Release|Any CPU
		{8EC2A99A-2B0F-4B18-98E9-D6582C35ACCF}.Release|x64.Build.0 = Release|Any CPU
		{8EC2A99A-2B0F-4B18-98E9-D6582C35ACCF}.Release|x86.ActiveCfg = Release|Any CPU
		{8EC2A99A-2B0F-4B18-98E9-D6582C35ACCF}.Release|x86.Build.0 = Release|Any CPU
		{47076ECA-BEF8-4268-A08F-A1D47150E9E5}.Debug|Any CPU.ActiveCfg = Debug|Any CPU
		{47076ECA-BEF8-4268-A08F-A1D47150E9E5}.Debug|Any CPU.Build.0 = Debug|Any CPU
		{47076ECA-BEF8-4268-A08F-A1D47150E9E5}.Debug|ARM.ActiveCfg = Debug|ARM
		{47076ECA-BEF8-4268-A08F-A1D47150E9E5}.Debug|ARM.Build.0 = Debug|ARM
		{47076ECA-BEF8-4268-A08F-A1D47150E9E5}.Debug|ARM64.ActiveCfg = Debug|ARM64
		{47076ECA-BEF8-4268-A08F-A1D47150E9E5}.Debug|ARM64.Build.0 = Debug|ARM64
		{47076ECA-BEF8-4268-A08F-A1D47150E9E5}.Debug|x64.ActiveCfg = Debug|x64
		{47076ECA-BEF8-4268-A08F-A1D47150E9E5}.Debug|x64.Build.0 = Debug|x64
		{47076ECA-BEF8-4268-A08F-A1D47150E9E5}.Debug|x86.ActiveCfg = Debug|x86
		{47076ECA-BEF8-4268-A08F-A1D47150E9E5}.Debug|x86.Build.0 = Debug|x86
		{47076ECA-BEF8-4268-A08F-A1D47150E9E5}.Release|Any CPU.ActiveCfg = Release|Any CPU
		{47076ECA-BEF8-4268-A08F-A1D47150E9E5}.Release|Any CPU.Build.0 = Release|Any CPU
		{47076ECA-BEF8-4268-A08F-A1D47150E9E5}.Release|ARM.ActiveCfg = Release|ARM
		{47076ECA-BEF8-4268-A08F-A1D47150E9E5}.Release|ARM.Build.0 = Release|ARM
		{47076ECA-BEF8-4268-A08F-A1D47150E9E5}.Release|ARM64.ActiveCfg = Release|ARM64
		{47076ECA-BEF8-4268-A08F-A1D47150E9E5}.Release|ARM64.Build.0 = Release|ARM64
		{47076ECA-BEF8-4268-A08F-A1D47150E9E5}.Release|x64.ActiveCfg = Release|x64
		{47076ECA-BEF8-4268-A08F-A1D47150E9E5}.Release|x64.Build.0 = Release|x64
		{47076ECA-BEF8-4268-A08F-A1D47150E9E5}.Release|x86.ActiveCfg = Release|x86
		{47076ECA-BEF8-4268-A08F-A1D47150E9E5}.Release|x86.Build.0 = Release|x86
	EndGlobalSection
	GlobalSection(SolutionProperties) = preSolution
		HideSolutionNode = FALSE
	EndGlobalSection
	GlobalSection(ExtensibilityGlobals) = postSolution
		SolutionGuid = {F274F3D9-B1A9-4C5C-A89C-3D3950B19F06}
	EndGlobalSection
EndGlobal
