
Microsoft Visual Studio Solution File, Format Version 12.00
# Visual Studio Version 17
VisualStudioVersion = 17.2.32602.215
MinimumVisualStudioVersion = 10.0.40219.1
Project("{FAE04EC0-301F-11D3-BF4B-00C04F79EFBC}") = "4sTodo", "4sTodo\4sTodo.csproj", "{7BE1C9C2-1A56-4F91-81BE-7B78770B8728}"
EndProject
Project("{FAE04EC0-301F-11D3-BF4B-00C04F79EFBC}") = "Uwp.Core", "Uwp.Core\Uwp.Core\Uwp.Core.csproj", "{69691DC6-85D8-452E-A6CB-73E2E74A7B84}"
EndProject
Project("{FAE04EC0-301F-11D3-BF4B-00C04F79EFBC}") = "Uwp.Style", "Uwp.Style\Uwp.Style.csproj", "{47076ECA-BEF8-4268-A08F-A1D47150E9E5}"
EndProject
Project("{FAE04EC0-301F-11D3-BF4B-00C04F79EFBC}") = "Uwp.Messenger", "Uwp.Messenger\Uwp.Messenger.csproj", "{0BE456E2-22F5-4310-9929-930370D7D6DE}"
EndProject
Project("{9A19103F-16F7-4668-BE54-9A1E7A4F7556}") = "Uwp.Console.Extension", "Uwp.Console.Extension\Uwp.Console.Extension.csproj", "{A60800C2-BBC5-4B08-9735-55C4E3AFA95E}"
EndProject
Project("{9A19103F-16F7-4668-BE54-9A1E7A4F7556}") = "Uwp.SQLite.Model", "Uwp.SQLite.Model\Uwp.SQLite.Model.csproj", "{9FE1D98F-0009-44B4-9714-23C077301952}"
EndProject
Global
	GlobalSection(SolutionConfigurationPlatforms) = preSolution
		Debug|Any CPU = Debug|Any CPU
		Debug|ARM = Debug|ARM
		Debug|ARM64 = Debug|ARM64
		Debug|x64 = Debug|x64
		Debug|x86 = Debug|x86
		Release|Any CPU = Release|Any CPU
		Release|ARM = Release|ARM
		Release|ARM64 = Release|ARM64
		Release|x64 = Release|x64
		Release|x86 = Release|x86
	EndGlobalSection
	GlobalSection(ProjectConfigurationPlatforms) = postSolution
		{7BE1C9C2-1A56-4F91-81BE-7B78770B8728}.Debug|Any CPU.ActiveCfg = Debug|x64
		{7BE1C9C2-1A56-4F91-81BE-7B78770B8728}.Debug|Any CPU.Build.0 = Debug|x64
		{7BE1C9C2-1A56-4F91-81BE-7B78770B8728}.Debug|Any CPU.Deploy.0 = Debug|x64
		{7BE1C9C2-1A56-4F91-81BE-7B78770B8728}.Debug|ARM.ActiveCfg = Debug|ARM
		{7BE1C9C2-1A56-4F91-81BE-7B78770B8728}.Debug|ARM.Build.0 = Debug|ARM
		{7BE1C9C2-1A56-4F91-81BE-7B78770B8728}.Debug|ARM.Deploy.0 = Debug|ARM
		{7BE1C9C2-1A56-4F91-81BE-7B78770B8728}.Debug|ARM64.ActiveCfg = Debug|ARM64
		{7BE1C9C2-1A56-4F91-81BE-7B78770B8728}.Debug|ARM64.Build.0 = Debug|ARM64
		{7BE1C9C2-1A56-4F91-81BE-7B78770B8728}.Debug|ARM64.Deploy.0 = Debug|ARM64
		{7BE1C9C2-1A56-4F91-81BE-7B78770B8728}.Debug|x64.ActiveCfg = Debug|x64
		{7BE1C9C2-1A56-4F91-81BE-7B78770B8728}.Debug|x64.Build.0 = Debug|x64
		{7BE1C9C2-1A56-4F91-81BE-7B78770B8728}.Debug|x64.Deploy.0 = Debug|x64
		{7BE1C9C2-1A56-4F91-81BE-7B78770B8728}.Debug|x86.ActiveCfg = Debug|x86
		{7BE1C9C2-1A56-4F91-81BE-7B78770B8728}.Debug|x86.Build.0 = Debug|x86
		{7BE1C9C2-1A56-4F91-81BE-7B78770B8728}.Debug|x86.Deploy.0 = Debug|x86
		{7BE1C9C2-1A56-4F91-81BE-7B78770B8728}.Release|Any CPU.ActiveCfg = Release|x64
		{7BE1C9C2-1A56-4F91-81BE-7B78770B8728}.Release|Any CPU.Build.0 = Release|x64
		{7BE1C9C2-1A56-4F91-81BE-7B78770B8728}.Release|Any CPU.Deploy.0 = Release|x64
		{7BE1C9C2-1A56-4F91-81BE-7B78770B8728}.Release|ARM.ActiveCfg = Release|ARM
		{7BE1C9C2-1A56-4F91-81BE-7B78770B8728}.Release|ARM.Build.0 = Release|ARM
		{7BE1C9C2-1A56-4F91-81BE-7B78770B8728}.Release|ARM.Deploy.0 = Release|ARM
		{7BE1C9C2-1A56-4F91-81BE-7B78770B8728}.Release|ARM64.ActiveCfg = Release|ARM64
		{7BE1C9C2-1A56-4F91-81BE-7B78770B8728}.Release|ARM64.Build.0 = Release|ARM64
		{7BE1C9C2-1A56-4F91-81BE-7B78770B8728}.Release|ARM64.Deploy.0 = Release|ARM64
		{7BE1C9C2-1A56-4F91-81BE-7B78770B8728}.Release|x64.ActiveCfg = Release|x64
		{7BE1C9C2-1A56-4F91-81BE-7B78770B8728}.Release|x64.Build.0 = Release|x64
		{7BE1C9C2-1A56-4F91-81BE-7B78770B8728}.Release|x64.Deploy.0 = Release|x64
		{7BE1C9C2-1A56-4F91-81BE-7B78770B8728}.Release|x86.ActiveCfg = Release|x86
		{7BE1C9C2-1A56-4F91-81BE-7B78770B8728}.Release|x86.Build.0 = Release|x86
		{7BE1C9C2-1A56-4F91-81BE-7B78770B8728}.Release|x86.Deploy.0 = Release|x86
		{69691DC6-85D8-452E-A6CB-73E2E74A7B84}.Debug|Any CPU.ActiveCfg = Debug|Any CPU
		{69691DC6-85D8-452E-A6CB-73E2E74A7B84}.Debug|Any CPU.Build.0 = Debug|Any CPU
		{69691DC6-85D8-452E-A6CB-73E2E74A7B84}.Debug|ARM.ActiveCfg = Debug|ARM
		{69691DC6-85D8-452E-A6CB-73E2E74A7B84}.Debug|ARM.Build.0 = Debug|ARM
		{69691DC6-85D8-452E-A6CB-73E2E74A7B84}.Debug|ARM64.ActiveCfg = Debug|ARM64
		{69691DC6-85D8-452E-A6CB-73E2E74A7B84}.Debug|ARM64.Build.0 = Debug|ARM64
		{69691DC6-85D8-452E-A6CB-73E2E74A7B84}.Debug|x64.ActiveCfg = Debug|x64
		{69691DC6-85D8-452E-A6CB-73E2E74A7B84}.Debug|x64.Build.0 = Debug|x64
		{69691DC6-85D8-452E-A6CB-73E2E74A7B84}.Debug|x86.ActiveCfg = Debug|x86
		{69691DC6-85D8-452E-A6CB-73E2E74A7B84}.Debug|x86.Build.0 = Debug|x86
		{69691DC6-85D8-452E-A6CB-73E2E74A7B84}.Release|Any CPU.ActiveCfg = Release|Any CPU
		{69691DC6-85D8-452E-A6CB-73E2E74A7B84}.Release|Any CPU.Build.0 = Release|Any CPU
		{69691DC6-85D8-452E-A6CB-73E2E74A7B84}.Release|ARM.ActiveCfg = Release|ARM
		{69691DC6-85D8-452E-A6CB-73E2E74A7B84}.Release|ARM.Build.0 = Release|ARM
		{69691DC6-85D8-452E-A6CB-73E2E74A7B84}.Release|ARM64.ActiveCfg = Release|ARM64
		{69691DC6-85D8-452E-A6CB-73E2E74A7B84}.Release|ARM64.Build.0 = Release|ARM64
		{69691DC6-85D8-452E-A6CB-73E2E74A7B84}.Release|x64.ActiveCfg = Release|x64
		{69691DC6-85D8-452E-A6CB-73E2E74A7B84}.Release|x64.Build.0 = Release|x64
		{69691DC6-85D8-452E-A6CB-73E2E74A7B84}.Release|x86.ActiveCfg = Release|x86
		{69691DC6-85D8-452E-A6CB-73E2E74A7B84}.Release|x86.Build.0 = Release|x86
		{47076ECA-BEF8-4268-A08F-A1D47150E9E5}.Debug|Any CPU.ActiveCfg = Debug|Any CPU
		{47076ECA-BEF8-4268-A08F-A1D47150E9E5}.Debug|Any CPU.Build.0 = Debug|Any CPU
		{47076ECA-BEF8-4268-A08F-A1D47150E9E5}.Debug|ARM.ActiveCfg = Debug|ARM
		{47076ECA-BEF8-4268-A08F-A1D47150E9E5}.Debug|ARM.Build.0 = Debug|ARM
		{47076ECA-BEF8-4268-A08F-A1D47150E9E5}.Debug|ARM64.ActiveCfg = Debug|ARM64
		{47076ECA-BEF8-4268-A08F-A1D47150E9E5}.Debug|ARM64.Build.0 = Debug|ARM64
		{47076ECA-BEF8-4268-A08F-A1D47150E9E5}.Debug|x64.ActiveCfg = Debug|x64
		{47076ECA-BEF8-4268-A08F-A1D47150E9E5}.Debug|x64.Build.0 = Debug|x64
		{47076ECA-BEF8-4268-A08F-A1D47150E9E5}.Debug|x86.ActiveCfg = Debug|x86
		{47076ECA-BEF8-4268-A08F-A1D47150E9E5}.Debug|x86.Build.0 = Debug|x86
		{47076ECA-BEF8-4268-A08F-A1D47150E9E5}.Release|Any CPU.ActiveCfg = Release|Any CPU
		{47076ECA-BEF8-4268-A08F-A1D47150E9E5}.Release|Any CPU.Build.0 = Release|Any CPU
		{47076ECA-BEF8-4268-A08F-A1D47150E9E5}.Release|ARM.ActiveCfg = Release|ARM
		{47076ECA-BEF8-4268-A08F-A1D47150E9E5}.Release|ARM.Build.0 = Release|ARM
		{47076ECA-BEF8-4268-A08F-A1D47150E9E5}.Release|ARM64.ActiveCfg = Release|ARM64
		{47076ECA-BEF8-4268-A08F-A1D47150E9E5}.Release|ARM64.Build.0 = Release|ARM64
		{47076ECA-BEF8-4268-A08F-A1D47150E9E5}.Release|x64.ActiveCfg = Release|x64
		{47076ECA-BEF8-4268-A08F-A1D47150E9E5}.Release|x64.Build.0 = Release|x64
		{47076ECA-BEF8-4268-A08F-A1D47150E9E5}.Release|x86.ActiveCfg = Release|x86
		{47076ECA-BEF8-4268-A08F-A1D47150E9E5}.Release|x86.Build.0 = Release|x86
		{0BE456E2-22F5-4310-9929-930370D7D6DE}.Debug|Any CPU.ActiveCfg = Debug|Any CPU
		{0BE456E2-22F5-4310-9929-930370D7D6DE}.Debug|Any CPU.Build.0 = Debug|Any CPU
		{0BE456E2-22F5-4310-9929-930370D7D6DE}.Debug|ARM.ActiveCfg = Debug|ARM
		{0BE456E2-22F5-4310-9929-930370D7D6DE}.Debug|ARM.Build.0 = Debug|ARM
		{0BE456E2-22F5-4310-9929-930370D7D6DE}.Debug|ARM64.ActiveCfg = Debug|ARM64
		{0BE456E2-22F5-4310-9929-930370D7D6DE}.Debug|ARM64.Build.0 = Debug|ARM64
		{0BE456E2-22F5-4310-9929-930370D7D6DE}.Debug|x64.ActiveCfg = Debug|x64
		{0BE456E2-22F5-4310-9929-930370D7D6DE}.Debug|x64.Build.0 = Debug|x64
		{0BE456E2-22F5-4310-9929-930370D7D6DE}.Debug|x86.ActiveCfg = Debug|x86
		{0BE456E2-22F5-4310-9929-930370D7D6DE}.Debug|x86.Build.0 = Debug|x86
		{0BE456E2-22F5-4310-9929-930370D7D6DE}.Release|Any CPU.ActiveCfg = Release|Any CPU
		{0BE456E2-22F5-4310-9929-930370D7D6DE}.Release|Any CPU.Build.0 = Release|Any CPU
		{0BE456E2-22F5-4310-9929-930370D7D6DE}.Release|ARM.ActiveCfg = Release|ARM
		{0BE456E2-22F5-4310-9929-930370D7D6DE}.Release|ARM.Build.0 = Release|ARM
		{0BE456E2-22F5-4310-9929-930370D7D6DE}.Release|ARM64.ActiveCfg = Release|ARM64
		{0BE456E2-22F5-4310-9929-930370D7D6DE}.Release|ARM64.Build.0 = Release|ARM64
		{0BE456E2-22F5-4310-9929-930370D7D6DE}.Release|x64.ActiveCfg = Release|x64
		{0BE456E2-22F5-4310-9929-930370D7D6DE}.Release|x64.Build.0 = Release|x64
		{0BE456E2-22F5-4310-9929-930370D7D6DE}.Release|x86.ActiveCfg = Release|x86
		{0BE456E2-22F5-4310-9929-930370D7D6DE}.Release|x86.Build.0 = Release|x86
		{A60800C2-BBC5-4B08-9735-55C4E3AFA95E}.Debug|Any CPU.ActiveCfg = Debug|Any CPU
		{A60800C2-BBC5-4B08-9735-55C4E3AFA95E}.Debug|Any CPU.Build.0 = Debug|Any CPU
		{A60800C2-BBC5-4B08-9735-55C4E3AFA95E}.Debug|ARM.ActiveCfg = Debug|Any CPU
		{A60800C2-BBC5-4B08-9735-55C4E3AFA95E}.Debug|ARM.Build.0 = Debug|Any CPU
		{A60800C2-BBC5-4B08-9735-55C4E3AFA95E}.Debug|ARM64.ActiveCfg = Debug|Any CPU
		{A60800C2-BBC5-4B08-9735-55C4E3AFA95E}.Debug|ARM64.Build.0 = Debug|Any CPU
		{A60800C2-BBC5-4B08-9735-55C4E3AFA95E}.Debug|x64.ActiveCfg = Debug|Any CPU
		{A60800C2-BBC5-4B08-9735-55C4E3AFA95E}.Debug|x64.Build.0 = Debug|Any CPU
		{A60800C2-BBC5-4B08-9735-55C4E3AFA95E}.Debug|x86.ActiveCfg = Debug|Any CPU
		{A60800C2-BBC5-4B08-9735-55C4E3AFA95E}.Debug|x86.Build.0 = Debug|Any CPU
		{A60800C2-BBC5-4B08-9735-55C4E3AFA95E}.Release|Any CPU.ActiveCfg = Release|Any CPU
		{A60800C2-BBC5-4B08-9735-55C4E3AFA95E}.Release|Any CPU.Build.0 = Release|Any CPU
		{A60800C2-BBC5-4B08-9735-55C4E3AFA95E}.Release|ARM.ActiveCfg = Release|Any CPU
		{A60800C2-BBC5-4B08-9735-55C4E3AFA95E}.Release|ARM.Build.0 = Release|Any CPU
		{A60800C2-BBC5-4B08-9735-55C4E3AFA95E}.Release|ARM64.ActiveCfg = Release|Any CPU
		{A60800C2-BBC5-4B08-9735-55C4E3AFA95E}.Release|ARM64.Build.0 = Release|Any CPU
		{A60800C2-BBC5-4B08-9735-55C4E3AFA95E}.Release|x64.ActiveCfg = Release|Any CPU
		{A60800C2-BBC5-4B08-9735-55C4E3AFA95E}.Release|x64.Build.0 = Release|Any CPU
		{A60800C2-BBC5-4B08-9735-55C4E3AFA95E}.Release|x86.ActiveCfg = Release|Any CPU
		{A60800C2-BBC5-4B08-9735-55C4E3AFA95E}.Release|x86.Build.0 = Release|Any CPU
		{9FE1D98F-0009-44B4-9714-23C077301952}.Debug|Any CPU.ActiveCfg = Debug|Any CPU
		{9FE1D98F-0009-44B4-9714-23C077301952}.Debug|Any CPU.Build.0 = Debug|Any CPU
		{9FE1D98F-0009-44B4-9714-23C077301952}.Debug|ARM.ActiveCfg = Debug|Any CPU
		{9FE1D98F-0009-44B4-9714-23C077301952}.Debug|ARM.Build.0 = Debug|Any CPU
		{9FE1D98F-0009-44B4-9714-23C077301952}.Debug|ARM64.ActiveCfg = Debug|Any CPU
		{9FE1D98F-0009-44B4-9714-23C077301952}.Debug|ARM64.Build.0 = Debug|Any CPU
		{9FE1D98F-0009-44B4-9714-23C077301952}.Debug|x64.ActiveCfg = Debug|Any CPU
		{9FE1D98F-0009-44B4-9714-23C077301952}.Debug|x64.Build.0 = Debug|Any CPU
		{9FE1D98F-0009-44B4-9714-23C077301952}.Debug|x86.ActiveCfg = Debug|Any CPU
		{9FE1D98F-0009-44B4-9714-23C077301952}.Debug|x86.Build.0 = Debug|Any CPU
		{9FE1D98F-0009-44B4-9714-23C077301952}.Release|Any CPU.ActiveCfg = Release|Any CPU
		{9FE1D98F-0009-44B4-9714-23C077301952}.Release|Any CPU.Build.0 = Release|Any CPU
		{9FE1D98F-0009-44B4-9714-23C077301952}.Release|ARM.ActiveCfg = Release|Any CPU
		{9FE1D98F-0009-44B4-9714-23C077301952}.Release|ARM.Build.0 = Release|Any CPU
		{9FE1D98F-0009-44B4-9714-23C077301952}.Release|ARM64.ActiveCfg = Release|Any CPU
		{9FE1D98F-0009-44B4-9714-23C077301952}.Release|ARM64.Build.0 = Release|Any CPU
		{9FE1D98F-0009-44B4-9714-23C077301952}.Release|x64.ActiveCfg = Release|Any CPU
		{9FE1D98F-0009-44B4-9714-23C077301952}.Release|x64.Build.0 = Release|Any CPU
		{9FE1D98F-0009-44B4-9714-23C077301952}.Release|x86.ActiveCfg = Release|Any CPU
		{9FE1D98F-0009-44B4-9714-23C077301952}.Release|x86.Build.0 = Release|Any CPU
	EndGlobalSection
	GlobalSection(SolutionProperties) = preSolution
		HideSolutionNode = FALSE
	EndGlobalSection
	GlobalSection(ExtensibilityGlobals) = postSolution
		SolutionGuid = {FA800480-78CE-4B91-8E61-3B58EA838BB8}
	EndGlobalSection
EndGlobal
